// !$*UTF8*$!
{
	archiveVersion = 1;
	classes = {
	};
	objectVersion = 46;
	objects = {

/* Begin PBXBuildFile section */
		0214C56F1D20CCCC00F33FA7 /* FirstView.xib in Resources */ = {isa = PBXBuildFile; fileRef = 0214C56E1D20CCCC00F33FA7 /* FirstView.xib */; };
		0214C5711D20CF8800F33FA7 /* MediaPlayer.framework in Frameworks */ = {isa = PBXBuildFile; fileRef = 0214C5701D20CF8800F33FA7 /* MediaPlayer.framework */; };
		02157EBC1D2CD7950080A12D /* CYProjectService.m in Sources */ = {isa = PBXBuildFile; fileRef = 02157EBB1D2CD7950080A12D /* CYProjectService.m */; };
		0219963A1D004BBF00923E20 /* MyTableViewController.m in Sources */ = {isa = PBXBuildFile; fileRef = 021996391D004BBF00923E20 /* MyTableViewController.m */; };
		0220AE2C1D34C8E9005E1A96 /* DetailProjectTableViewController.m in Sources */ = {isa = PBXBuildFile; fileRef = 0220AE2B1D34C8E9005E1A96 /* DetailProjectTableViewController.m */; };
		0255150B1D33A67800D0CF2C /* HTTPrequest.m in Sources */ = {isa = PBXBuildFile; fileRef = 0255150A1D33A67800D0CF2C /* HTTPrequest.m */; };
		0255150F1D33A79400D0CF2C /* JSONKit.m in Sources */ = {isa = PBXBuildFile; fileRef = 0255150E1D33A79400D0CF2C /* JSONKit.m */; settings = {COMPILER_FLAGS = "-fno-objc-arc"; }; };
		026C49CE1D260C1000214630 /* MJRefreshAutoFooter.m in Sources */ = {isa = PBXBuildFile; fileRef = 026C49A21D260C1000214630 /* MJRefreshAutoFooter.m */; };
		026C49CF1D260C1000214630 /* MJRefreshBackFooter.m in Sources */ = {isa = PBXBuildFile; fileRef = 026C49A41D260C1000214630 /* MJRefreshBackFooter.m */; };
		026C49D01D260C1000214630 /* MJRefreshComponent.m in Sources */ = {isa = PBXBuildFile; fileRef = 026C49A61D260C1000214630 /* MJRefreshComponent.m */; };
		026C49D11D260C1000214630 /* MJRefreshFooter.m in Sources */ = {isa = PBXBuildFile; fileRef = 026C49A81D260C1000214630 /* MJRefreshFooter.m */; };
		026C49D21D260C1000214630 /* MJRefreshHeader.m in Sources */ = {isa = PBXBuildFile; fileRef = 026C49AA1D260C1000214630 /* MJRefreshHeader.m */; };
		026C49D31D260C1000214630 /* MJRefreshAutoGifFooter.m in Sources */ = {isa = PBXBuildFile; fileRef = 026C49AF1D260C1000214630 /* MJRefreshAutoGifFooter.m */; };
		026C49D41D260C1000214630 /* MJRefreshAutoNormalFooter.m in Sources */ = {isa = PBXBuildFile; fileRef = 026C49B11D260C1000214630 /* MJRefreshAutoNormalFooter.m */; };
		026C49D51D260C1000214630 /* MJRefreshAutoStateFooter.m in Sources */ = {isa = PBXBuildFile; fileRef = 026C49B31D260C1000214630 /* MJRefreshAutoStateFooter.m */; };
		026C49D61D260C1000214630 /* MJRefreshBackGifFooter.m in Sources */ = {isa = PBXBuildFile; fileRef = 026C49B61D260C1000214630 /* MJRefreshBackGifFooter.m */; };
		026C49D71D260C1000214630 /* MJRefreshBackNormalFooter.m in Sources */ = {isa = PBXBuildFile; fileRef = 026C49B81D260C1000214630 /* MJRefreshBackNormalFooter.m */; };
		026C49D81D260C1000214630 /* MJRefreshBackStateFooter.m in Sources */ = {isa = PBXBuildFile; fileRef = 026C49BA1D260C1000214630 /* MJRefreshBackStateFooter.m */; };
		026C49D91D260C1000214630 /* MJRefreshGifHeader.m in Sources */ = {isa = PBXBuildFile; fileRef = 026C49BD1D260C1000214630 /* MJRefreshGifHeader.m */; };
		026C49DA1D260C1000214630 /* MJRefreshNormalHeader.m in Sources */ = {isa = PBXBuildFile; fileRef = 026C49BF1D260C1000214630 /* MJRefreshNormalHeader.m */; };
		026C49DB1D260C1000214630 /* MJRefreshStateHeader.m in Sources */ = {isa = PBXBuildFile; fileRef = 026C49C11D260C1000214630 /* MJRefreshStateHeader.m */; };
		026C49DC1D260C1000214630 /* MJRefresh.bundle in Resources */ = {isa = PBXBuildFile; fileRef = 026C49C21D260C1000214630 /* MJRefresh.bundle */; };
		026C49DD1D260C1000214630 /* MJRefreshConst.m in Sources */ = {isa = PBXBuildFile; fileRef = 026C49C51D260C1000214630 /* MJRefreshConst.m */; };
		026C49DE1D260C1000214630 /* NSBundle+MJRefresh.m in Sources */ = {isa = PBXBuildFile; fileRef = 026C49C71D260C1000214630 /* NSBundle+MJRefresh.m */; };
		026C49DF1D260C1000214630 /* UIScrollView+MJExtension.m in Sources */ = {isa = PBXBuildFile; fileRef = 026C49C91D260C1000214630 /* UIScrollView+MJExtension.m */; };
		026C49E01D260C1000214630 /* UIScrollView+MJRefresh.m in Sources */ = {isa = PBXBuildFile; fileRef = 026C49CB1D260C1000214630 /* UIScrollView+MJRefresh.m */; };
		026C49E11D260C1000214630 /* UIView+MJExtension.m in Sources */ = {isa = PBXBuildFile; fileRef = 026C49CD1D260C1000214630 /* UIView+MJExtension.m */; };
		026C49E41D2617FC00214630 /* PublicTool.m in Sources */ = {isa = PBXBuildFile; fileRef = 026C49E31D2617FC00214630 /* PublicTool.m */; };
		026C49ED1D26665F00214630 /* ProjectDetailsTableViewCell.m in Sources */ = {isa = PBXBuildFile; fileRef = 026C49EB1D26665F00214630 /* ProjectDetailsTableViewCell.m */; };
		026EF4E61CF2FCCC003A8A95 /* main.m in Sources */ = {isa = PBXBuildFile; fileRef = 026EF4E51CF2FCCC003A8A95 /* main.m */; };
		026EF4E91CF2FCCC003A8A95 /* AppDelegate.m in Sources */ = {isa = PBXBuildFile; fileRef = 026EF4E81CF2FCCC003A8A95 /* AppDelegate.m */; };
		026EF4EC1CF2FCCC003A8A95 /* ViewController.m in Sources */ = {isa = PBXBuildFile; fileRef = 026EF4EB1CF2FCCC003A8A95 /* ViewController.m */; };
		026EF4EF1CF2FCCC003A8A95 /* Main.storyboard in Resources */ = {isa = PBXBuildFile; fileRef = 026EF4ED1CF2FCCC003A8A95 /* Main.storyboard */; };
		026EF4F11CF2FCCC003A8A95 /* Assets.xcassets in Resources */ = {isa = PBXBuildFile; fileRef = 026EF4F01CF2FCCC003A8A95 /* Assets.xcassets */; };
		026EF4FF1CF2FCCC003A8A95 /* chuyingwangTests.m in Sources */ = {isa = PBXBuildFile; fileRef = 026EF4FE1CF2FCCC003A8A95 /* chuyingwangTests.m */; };
		026EF50A1CF2FCCC003A8A95 /* chuyingwangUITests.m in Sources */ = {isa = PBXBuildFile; fileRef = 026EF5091CF2FCCC003A8A95 /* chuyingwangUITests.m */; };
		027491831CF55CE200C8E0B0 /* DefaultDirectionInterpretor.m in Sources */ = {isa = PBXBuildFile; fileRef = 027491701CF55CE200C8E0B0 /* DefaultDirectionInterpretor.m */; };
		027491841CF55CE200C8E0B0 /* DefaultShouldSwipeDeterminator.m in Sources */ = {isa = PBXBuildFile; fileRef = 027491721CF55CE200C8E0B0 /* DefaultShouldSwipeDeterminator.m */; };
		027491851CF55CE200C8E0B0 /* DefaultViewAnimator.m in Sources */ = {isa = PBXBuildFile; fileRef = 027491741CF55CE200C8E0B0 /* DefaultViewAnimator.m */; };
		027491861CF55CE200C8E0B0 /* PanGestureRecognizer.m in Sources */ = {isa = PBXBuildFile; fileRef = 027491761CF55CE200C8E0B0 /* PanGestureRecognizer.m */; };
		027491871CF55CE200C8E0B0 /* Scheduler.m in Sources */ = {isa = PBXBuildFile; fileRef = 027491781CF55CE200C8E0B0 /* Scheduler.m */; };
		027491881CF55CE200C8E0B0 /* Utils.m in Sources */ = {isa = PBXBuildFile; fileRef = 0274917A1CF55CE200C8E0B0 /* Utils.m */; };
		027491891CF55CE200C8E0B0 /* ViewManager.m in Sources */ = {isa = PBXBuildFile; fileRef = 0274917C1CF55CE200C8E0B0 /* ViewManager.m */; };
		0274918A1CF55CE200C8E0B0 /* ZLSwipeableView.m in Sources */ = {isa = PBXBuildFile; fileRef = 0274917E1CF55CE200C8E0B0 /* ZLSwipeableView.m */; };
		0274918B1CF55CE200C8E0B0 /* ZLSwipeableViewMovement.m in Sources */ = {isa = PBXBuildFile; fileRef = 027491801CF55CE200C8E0B0 /* ZLSwipeableViewMovement.m */; };
		0274918C1CF55CE200C8E0B0 /* ZLSwipeableViewSwipeOptions.m in Sources */ = {isa = PBXBuildFile; fileRef = 027491821CF55CE200C8E0B0 /* ZLSwipeableViewSwipeOptions.m */; };
		0286AA531D00371500C21703 /* InvestorTableViewController.m in Sources */ = {isa = PBXBuildFile; fileRef = 0286AA521D00371500C21703 /* InvestorTableViewController.m */; };
		0286AA571D00373F00C21703 /* investorTableViewCell.m in Sources */ = {isa = PBXBuildFile; fileRef = 0286AA551D00373F00C21703 /* investorTableViewCell.m */; };
		0286AA581D00373F00C21703 /* investorTableViewCell.xib in Resources */ = {isa = PBXBuildFile; fileRef = 0286AA561D00373F00C21703 /* investorTableViewCell.xib */; };
		0288D0D31D0713490057D970 /* InvestorModel.m in Sources */ = {isa = PBXBuildFile; fileRef = 0288D0D21D0713490057D970 /* InvestorModel.m */; };
		02BED9951D2A0FE9001304B5 /* FMDatabase.m in Sources */ = {isa = PBXBuildFile; fileRef = 02BED98A1D2A0FE9001304B5 /* FMDatabase.m */; };
		02BED9961D2A0FE9001304B5 /* FMDatabaseAdditions.m in Sources */ = {isa = PBXBuildFile; fileRef = 02BED98C1D2A0FE9001304B5 /* FMDatabaseAdditions.m */; };
		02BED9971D2A0FE9001304B5 /* FMDatabasePool.m in Sources */ = {isa = PBXBuildFile; fileRef = 02BED98E1D2A0FE9001304B5 /* FMDatabasePool.m */; };
		02BED9981D2A0FE9001304B5 /* FMDatabaseQueue.m in Sources */ = {isa = PBXBuildFile; fileRef = 02BED9901D2A0FE9001304B5 /* FMDatabaseQueue.m */; };
		02BED9991D2A0FE9001304B5 /* FMResultSet.m in Sources */ = {isa = PBXBuildFile; fileRef = 02BED9931D2A0FE9001304B5 /* FMResultSet.m */; };
		02BED99A1D2A0FE9001304B5 /* Info.plist in Resources */ = {isa = PBXBuildFile; fileRef = 02BED9941D2A0FE9001304B5 /* Info.plist */; };
		02BED99C1D2A44F9001304B5 /* libsqlite3.tbd in Frameworks */ = {isa = PBXBuildFile; fileRef = 02BED99B1D2A44F9001304B5 /* libsqlite3.tbd */; };
		02BED9A01D2A4664001304B5 /* DBHelp.m in Sources */ = {isa = PBXBuildFile; fileRef = 02BED99F1D2A4664001304B5 /* DBHelp.m */; };
		02D4A14F1D38DDEB004543E8 /* ProjectIntroductionTableViewCell.m in Sources */ = {isa = PBXBuildFile; fileRef = 02D4A14E1D38DDEB004543E8 /* ProjectIntroductionTableViewCell.m */; };
		02D4A1521D38EB96004543E8 /* ProjectTeamTableViewCell.m in Sources */ = {isa = PBXBuildFile; fileRef = 02D4A1511D38EB96004543E8 /* ProjectTeamTableViewCell.m */; };
		02DF7B391CF3FEAF00C9C8F0 /* ASIAuthenticationDialog.m in Sources */ = {isa = PBXBuildFile; fileRef = 02DF7AFE1CF3FEAF00C9C8F0 /* ASIAuthenticationDialog.m */; settings = {COMPILER_FLAGS = "-fno-objc-arc"; }; };
		02DF7B3A1CF3FEAF00C9C8F0 /* ASIDataCompressor.m in Sources */ = {isa = PBXBuildFile; fileRef = 02DF7B011CF3FEAF00C9C8F0 /* ASIDataCompressor.m */; settings = {COMPILER_FLAGS = "-fno-objc-arc"; }; };
		02DF7B3B1CF3FEAF00C9C8F0 /* ASIDataDecompressor.m in Sources */ = {isa = PBXBuildFile; fileRef = 02DF7B031CF3FEAF00C9C8F0 /* ASIDataDecompressor.m */; settings = {COMPILER_FLAGS = "-fno-objc-arc"; }; };
		02DF7B3C1CF3FEAF00C9C8F0 /* ASIDownloadCache.m in Sources */ = {isa = PBXBuildFile; fileRef = 02DF7B051CF3FEAF00C9C8F0 /* ASIDownloadCache.m */; settings = {COMPILER_FLAGS = "-fno-objc-arc"; }; };
		02DF7B3D1CF3FEAF00C9C8F0 /* ASIFormDataRequest.m in Sources */ = {isa = PBXBuildFile; fileRef = 02DF7B071CF3FEAF00C9C8F0 /* ASIFormDataRequest.m */; settings = {COMPILER_FLAGS = "-fno-objc-arc"; }; };
		02DF7B3E1CF3FEAF00C9C8F0 /* ASIHTTPRequest.m in Sources */ = {isa = PBXBuildFile; fileRef = 02DF7B091CF3FEAF00C9C8F0 /* ASIHTTPRequest.m */; settings = {COMPILER_FLAGS = "-fno-objc-arc"; }; };
		02DF7B3F1CF3FEAF00C9C8F0 /* ASIInputStream.m in Sources */ = {isa = PBXBuildFile; fileRef = 02DF7B0D1CF3FEAF00C9C8F0 /* ASIInputStream.m */; settings = {COMPILER_FLAGS = "-fno-objc-arc"; }; };
		02DF7B401CF3FEAF00C9C8F0 /* ASINetworkQueue.m in Sources */ = {isa = PBXBuildFile; fileRef = 02DF7B0F1CF3FEAF00C9C8F0 /* ASINetworkQueue.m */; settings = {COMPILER_FLAGS = "-fno-objc-arc"; }; };
		02DF7B411CF3FEAF00C9C8F0 /* ASIWebPageRequest.m in Sources */ = {isa = PBXBuildFile; fileRef = 02DF7B131CF3FEAF00C9C8F0 /* ASIWebPageRequest.m */; settings = {COMPILER_FLAGS = "-fno-objc-arc"; }; };
		02DF7B421CF3FEAF00C9C8F0 /* ASICloudFilesCDNRequest.m in Sources */ = {isa = PBXBuildFile; fileRef = 02DF7B161CF3FEAF00C9C8F0 /* ASICloudFilesCDNRequest.m */; settings = {COMPILER_FLAGS = "-fno-objc-arc"; }; };
		02DF7B431CF3FEAF00C9C8F0 /* ASICloudFilesContainer.m in Sources */ = {isa = PBXBuildFile; fileRef = 02DF7B181CF3FEAF00C9C8F0 /* ASICloudFilesContainer.m */; settings = {COMPILER_FLAGS = "-fno-objc-arc"; }; };
		02DF7B441CF3FEAF00C9C8F0 /* ASICloudFilesContainerRequest.m in Sources */ = {isa = PBXBuildFile; fileRef = 02DF7B1A1CF3FEAF00C9C8F0 /* ASICloudFilesContainerRequest.m */; settings = {COMPILER_FLAGS = "-fno-objc-arc"; }; };
		02DF7B451CF3FEAF00C9C8F0 /* ASICloudFilesContainerXMLParserDelegate.m in Sources */ = {isa = PBXBuildFile; fileRef = 02DF7B1C1CF3FEAF00C9C8F0 /* ASICloudFilesContainerXMLParserDelegate.m */; settings = {COMPILER_FLAGS = "-fno-objc-arc"; }; };
		02DF7B461CF3FEAF00C9C8F0 /* ASICloudFilesObject.m in Sources */ = {isa = PBXBuildFile; fileRef = 02DF7B1E1CF3FEAF00C9C8F0 /* ASICloudFilesObject.m */; settings = {COMPILER_FLAGS = "-fno-objc-arc"; }; };
		02DF7B471CF3FEAF00C9C8F0 /* ASICloudFilesObjectRequest.m in Sources */ = {isa = PBXBuildFile; fileRef = 02DF7B201CF3FEAF00C9C8F0 /* ASICloudFilesObjectRequest.m */; settings = {COMPILER_FLAGS = "-fno-objc-arc"; }; };
		02DF7B481CF3FEAF00C9C8F0 /* ASICloudFilesRequest.m in Sources */ = {isa = PBXBuildFile; fileRef = 02DF7B221CF3FEAF00C9C8F0 /* ASICloudFilesRequest.m */; settings = {COMPILER_FLAGS = "-fno-objc-arc"; }; };
		02DF7B491CF3FEAF00C9C8F0 /* ASIS3Bucket.m in Sources */ = {isa = PBXBuildFile; fileRef = 02DF7B261CF3FEAF00C9C8F0 /* ASIS3Bucket.m */; settings = {COMPILER_FLAGS = "-fno-objc-arc"; }; };
		02DF7B4A1CF3FEAF00C9C8F0 /* ASIS3BucketObject.m in Sources */ = {isa = PBXBuildFile; fileRef = 02DF7B281CF3FEAF00C9C8F0 /* ASIS3BucketObject.m */; settings = {COMPILER_FLAGS = "-fno-objc-arc"; }; };
		02DF7B4B1CF3FEAF00C9C8F0 /* ASIS3BucketRequest.m in Sources */ = {isa = PBXBuildFile; fileRef = 02DF7B2A1CF3FEAF00C9C8F0 /* ASIS3BucketRequest.m */; settings = {COMPILER_FLAGS = "-fno-objc-arc"; }; };
		02DF7B4C1CF3FEAF00C9C8F0 /* ASIS3ObjectRequest.m in Sources */ = {isa = PBXBuildFile; fileRef = 02DF7B2C1CF3FEAF00C9C8F0 /* ASIS3ObjectRequest.m */; settings = {COMPILER_FLAGS = "-fno-objc-arc"; }; };
		02DF7B4D1CF3FEAF00C9C8F0 /* ASIS3Request.m in Sources */ = {isa = PBXBuildFile; fileRef = 02DF7B2E1CF3FEAF00C9C8F0 /* ASIS3Request.m */; settings = {COMPILER_FLAGS = "-fno-objc-arc"; }; };
		02DF7B4E1CF3FEAF00C9C8F0 /* ASIS3ServiceRequest.m in Sources */ = {isa = PBXBuildFile; fileRef = 02DF7B301CF3FEAF00C9C8F0 /* ASIS3ServiceRequest.m */; settings = {COMPILER_FLAGS = "-fno-objc-arc"; }; };
		02DF7B4F1CF3FEAF00C9C8F0 /* README-GHUnit in Resources */ = {isa = PBXBuildFile; fileRef = 02DF7B331CF3FEAF00C9C8F0 /* README-GHUnit */; };
		02DF7B501CF3FEAF00C9C8F0 /* Reachability.m in Sources */ = {isa = PBXBuildFile; fileRef = 02DF7B361CF3FEAF00C9C8F0 /* Reachability.m */; settings = {COMPILER_FLAGS = "-fno-objc-arc"; }; };
		02DF7B511CF3FEAF00C9C8F0 /* UIImage+MJ.m in Sources */ = {isa = PBXBuildFile; fileRef = 02DF7B381CF3FEAF00C9C8F0 /* UIImage+MJ.m */; };
		02DF7B531CF3FF1800C9C8F0 /* libxml2.tbd in Frameworks */ = {isa = PBXBuildFile; fileRef = 02DF7B521CF3FF1800C9C8F0 /* libxml2.tbd */; };
		02DF7B5A1CF3FF3300C9C8F0 /* libz.1.2.5.tbd in Frameworks */ = {isa = PBXBuildFile; fileRef = 02DF7B541CF3FF3300C9C8F0 /* libz.1.2.5.tbd */; };
		02DF7B5B1CF3FF3300C9C8F0 /* CoreTelephony.framework in Frameworks */ = {isa = PBXBuildFile; fileRef = 02DF7B551CF3FF3300C9C8F0 /* CoreTelephony.framework */; };
		02DF7B5C1CF3FF3300C9C8F0 /* CoreGraphics.framework in Frameworks */ = {isa = PBXBuildFile; fileRef = 02DF7B561CF3FF3300C9C8F0 /* CoreGraphics.framework */; };
		02DF7B5D1CF3FF3300C9C8F0 /* MobileCoreServices.framework in Frameworks */ = {isa = PBXBuildFile; fileRef = 02DF7B571CF3FF3300C9C8F0 /* MobileCoreServices.framework */; };
		02DF7B5E1CF3FF3300C9C8F0 /* SystemConfiguration.framework in Frameworks */ = {isa = PBXBuildFile; fileRef = 02DF7B581CF3FF3300C9C8F0 /* SystemConfiguration.framework */; };
		02DF7B5F1CF3FF3300C9C8F0 /* CFNetwork.framework in Frameworks */ = {isa = PBXBuildFile; fileRef = 02DF7B591CF3FF3300C9C8F0 /* CFNetwork.framework */; };
		02E1ECB81CF6FEF500BD56E8 /* CardView.m in Sources */ = {isa = PBXBuildFile; fileRef = 02E1ECB61CF6FEF500BD56E8 /* CardView.m */; };
		3AA6C2511CF9CA0D00AEE4A9 /* FirstView.m in Sources */ = {isa = PBXBuildFile; fileRef = 3AA6C2501CF9CA0D00AEE4A9 /* FirstView.m */; };
		3AA6C2621CF9E1AD00AEE4A9 /* ProjcetViewTableViewController.m in Sources */ = {isa = PBXBuildFile; fileRef = 3AA6C2611CF9E1AD00AEE4A9 /* ProjcetViewTableViewController.m */; };
		3AA6C2661CF9F03D00AEE4A9 /* projectTableViewCell.m in Sources */ = {isa = PBXBuildFile; fileRef = 3AA6C2641CF9F03D00AEE4A9 /* projectTableViewCell.m */; };
		3AA6C2671CF9F03D00AEE4A9 /* projectTableViewCell.xib in Resources */ = {isa = PBXBuildFile; fileRef = 3AA6C2651CF9F03D00AEE4A9 /* projectTableViewCell.xib */; };
		3ACC92861D02DC67002CFD86 /* CardModel.m in Sources */ = {isa = PBXBuildFile; fileRef = 3ACC92851D02DC67002CFD86 /* CardModel.m */; };
		3ACC93821D02FAC4002CFD86 /* ProgressView.m in Sources */ = {isa = PBXBuildFile; fileRef = 3ACC93811D02FAC4002CFD86 /* ProgressView.m */; };
/* End PBXBuildFile section */

/* Begin PBXContainerItemProxy section */
		026EF4FB1CF2FCCC003A8A95 /* PBXContainerItemProxy */ = {
			isa = PBXContainerItemProxy;
			containerPortal = 026EF4D91CF2FCCC003A8A95 /* Project object */;
			proxyType = 1;
			remoteGlobalIDString = 026EF4E01CF2FCCC003A8A95;
			remoteInfo = chuyingwang;
		};
		026EF5061CF2FCCC003A8A95 /* PBXContainerItemProxy */ = {
			isa = PBXContainerItemProxy;
			containerPortal = 026EF4D91CF2FCCC003A8A95 /* Project object */;
			proxyType = 1;
			remoteGlobalIDString = 026EF4E01CF2FCCC003A8A95;
			remoteInfo = chuyingwang;
		};
/* End PBXContainerItemProxy section */

/* Begin PBXFileReference section */
		0214C56E1D20CCCC00F33FA7 /* FirstView.xib */ = {isa = PBXFileReference; fileEncoding = 4; lastKnownFileType = file.xib; name = FirstView.xib; path = "首页/View/FirstView.xib"; sourceTree = "<group>"; };
		0214C5701D20CF8800F33FA7 /* MediaPlayer.framework */ = {isa = PBXFileReference; lastKnownFileType = wrapper.framework; name = MediaPlayer.framework; path = System/Library/Frameworks/MediaPlayer.framework; sourceTree = SDKROOT; };
		02157EBA1D2CD7950080A12D /* CYProjectService.h */ = {isa = PBXFileReference; fileEncoding = 4; lastKnownFileType = sourcecode.c.h; name = CYProjectService.h; path = "首页/Model/CYProjectService.h"; sourceTree = "<group>"; };
		02157EBB1D2CD7950080A12D /* CYProjectService.m */ = {isa = PBXFileReference; fileEncoding = 4; lastKnownFileType = sourcecode.c.objc; name = CYProjectService.m; path = "首页/Model/CYProjectService.m"; sourceTree = "<group>"; };
		021996381D004BBF00923E20 /* MyTableViewController.h */ = {isa = PBXFileReference; fileEncoding = 4; lastKnownFileType = sourcecode.c.h; name = MyTableViewController.h; path = "chuyingwang/我的/MyTableViewController.h"; sourceTree = SOURCE_ROOT; };
		021996391D004BBF00923E20 /* MyTableViewController.m */ = {isa = PBXFileReference; fileEncoding = 4; lastKnownFileType = sourcecode.c.objc; name = MyTableViewController.m; path = "chuyingwang/我的/MyTableViewController.m"; sourceTree = SOURCE_ROOT; };
		0220AE2A1D34C8E9005E1A96 /* DetailProjectTableViewController.h */ = {isa = PBXFileReference; fileEncoding = 4; lastKnownFileType = sourcecode.c.h; path = DetailProjectTableViewController.h; sourceTree = "<group>"; };
		0220AE2B1D34C8E9005E1A96 /* DetailProjectTableViewController.m */ = {isa = PBXFileReference; fileEncoding = 4; lastKnownFileType = sourcecode.c.objc; path = DetailProjectTableViewController.m; sourceTree = "<group>"; };
		025515091D33A67800D0CF2C /* HTTPrequest.h */ = {isa = PBXFileReference; fileEncoding = 4; lastKnownFileType = sourcecode.c.h; path = HTTPrequest.h; sourceTree = "<group>"; };
		0255150A1D33A67800D0CF2C /* HTTPrequest.m */ = {isa = PBXFileReference; fileEncoding = 4; lastKnownFileType = sourcecode.c.objc; path = HTTPrequest.m; sourceTree = "<group>"; };
		0255150D1D33A79400D0CF2C /* JSONKit.h */ = {isa = PBXFileReference; fileEncoding = 4; lastKnownFileType = sourcecode.c.h; path = JSONKit.h; sourceTree = "<group>"; };
		0255150E1D33A79400D0CF2C /* JSONKit.m */ = {isa = PBXFileReference; fileEncoding = 4; lastKnownFileType = sourcecode.c.objc; path = JSONKit.m; sourceTree = "<group>"; };
		025CE8671D2B5BED005AC866 /* Table.h */ = {isa = PBXFileReference; fileEncoding = 4; lastKnownFileType = sourcecode.c.h; path = Table.h; sourceTree = "<group>"; };
		026C49A11D260C1000214630 /* MJRefreshAutoFooter.h */ = {isa = PBXFileReference; fileEncoding = 4; lastKnownFileType = sourcecode.c.h; path = MJRefreshAutoFooter.h; sourceTree = "<group>"; };
		026C49A21D260C1000214630 /* MJRefreshAutoFooter.m */ = {isa = PBXFileReference; fileEncoding = 4; lastKnownFileType = sourcecode.c.objc; path = MJRefreshAutoFooter.m; sourceTree = "<group>"; };
		026C49A31D260C1000214630 /* MJRefreshBackFooter.h */ = {isa = PBXFileReference; fileEncoding = 4; lastKnownFileType = sourcecode.c.h; path = MJRefreshBackFooter.h; sourceTree = "<group>"; };
		026C49A41D260C1000214630 /* MJRefreshBackFooter.m */ = {isa = PBXFileReference; fileEncoding = 4; lastKnownFileType = sourcecode.c.objc; path = MJRefreshBackFooter.m; sourceTree = "<group>"; };
		026C49A51D260C1000214630 /* MJRefreshComponent.h */ = {isa = PBXFileReference; fileEncoding = 4; lastKnownFileType = sourcecode.c.h; path = MJRefreshComponent.h; sourceTree = "<group>"; };
		026C49A61D260C1000214630 /* MJRefreshComponent.m */ = {isa = PBXFileReference; fileEncoding = 4; lastKnownFileType = sourcecode.c.objc; path = MJRefreshComponent.m; sourceTree = "<group>"; };
		026C49A71D260C1000214630 /* MJRefreshFooter.h */ = {isa = PBXFileReference; fileEncoding = 4; lastKnownFileType = sourcecode.c.h; path = MJRefreshFooter.h; sourceTree = "<group>"; };
		026C49A81D260C1000214630 /* MJRefreshFooter.m */ = {isa = PBXFileReference; fileEncoding = 4; lastKnownFileType = sourcecode.c.objc; path = MJRefreshFooter.m; sourceTree = "<group>"; };
		026C49A91D260C1000214630 /* MJRefreshHeader.h */ = {isa = PBXFileReference; fileEncoding = 4; lastKnownFileType = sourcecode.c.h; path = MJRefreshHeader.h; sourceTree = "<group>"; };
		026C49AA1D260C1000214630 /* MJRefreshHeader.m */ = {isa = PBXFileReference; fileEncoding = 4; lastKnownFileType = sourcecode.c.objc; path = MJRefreshHeader.m; sourceTree = "<group>"; };
		026C49AE1D260C1000214630 /* MJRefreshAutoGifFooter.h */ = {isa = PBXFileReference; fileEncoding = 4; lastKnownFileType = sourcecode.c.h; path = MJRefreshAutoGifFooter.h; sourceTree = "<group>"; };
		026C49AF1D260C1000214630 /* MJRefreshAutoGifFooter.m */ = {isa = PBXFileReference; fileEncoding = 4; lastKnownFileType = sourcecode.c.objc; path = MJRefreshAutoGifFooter.m; sourceTree = "<group>"; };
		026C49B01D260C1000214630 /* MJRefreshAutoNormalFooter.h */ = {isa = PBXFileReference; fileEncoding = 4; lastKnownFileType = sourcecode.c.h; path = MJRefreshAutoNormalFooter.h; sourceTree = "<group>"; };
		026C49B11D260C1000214630 /* MJRefreshAutoNormalFooter.m */ = {isa = PBXFileReference; fileEncoding = 4; lastKnownFileType = sourcecode.c.objc; path = MJRefreshAutoNormalFooter.m; sourceTree = "<group>"; };
		026C49B21D260C1000214630 /* MJRefreshAutoStateFooter.h */ = {isa = PBXFileReference; fileEncoding = 4; lastKnownFileType = sourcecode.c.h; path = MJRefreshAutoStateFooter.h; sourceTree = "<group>"; };
		026C49B31D260C1000214630 /* MJRefreshAutoStateFooter.m */ = {isa = PBXFileReference; fileEncoding = 4; lastKnownFileType = sourcecode.c.objc; path = MJRefreshAutoStateFooter.m; sourceTree = "<group>"; };
		026C49B51D260C1000214630 /* MJRefreshBackGifFooter.h */ = {isa = PBXFileReference; fileEncoding = 4; lastKnownFileType = sourcecode.c.h; path = MJRefreshBackGifFooter.h; sourceTree = "<group>"; };
		026C49B61D260C1000214630 /* MJRefreshBackGifFooter.m */ = {isa = PBXFileReference; fileEncoding = 4; lastKnownFileType = sourcecode.c.objc; path = MJRefreshBackGifFooter.m; sourceTree = "<group>"; };
		026C49B71D260C1000214630 /* MJRefreshBackNormalFooter.h */ = {isa = PBXFileReference; fileEncoding = 4; lastKnownFileType = sourcecode.c.h; path = MJRefreshBackNormalFooter.h; sourceTree = "<group>"; };
		026C49B81D260C1000214630 /* MJRefreshBackNormalFooter.m */ = {isa = PBXFileReference; fileEncoding = 4; lastKnownFileType = sourcecode.c.objc; path = MJRefreshBackNormalFooter.m; sourceTree = "<group>"; };
		026C49B91D260C1000214630 /* MJRefreshBackStateFooter.h */ = {isa = PBXFileReference; fileEncoding = 4; lastKnownFileType = sourcecode.c.h; path = MJRefreshBackStateFooter.h; sourceTree = "<group>"; };
		026C49BA1D260C1000214630 /* MJRefreshBackStateFooter.m */ = {isa = PBXFileReference; fileEncoding = 4; lastKnownFileType = sourcecode.c.objc; path = MJRefreshBackStateFooter.m; sourceTree = "<group>"; };
		026C49BC1D260C1000214630 /* MJRefreshGifHeader.h */ = {isa = PBXFileReference; fileEncoding = 4; lastKnownFileType = sourcecode.c.h; path = MJRefreshGifHeader.h; sourceTree = "<group>"; };
		026C49BD1D260C1000214630 /* MJRefreshGifHeader.m */ = {isa = PBXFileReference; fileEncoding = 4; lastKnownFileType = sourcecode.c.objc; path = MJRefreshGifHeader.m; sourceTree = "<group>"; };
		026C49BE1D260C1000214630 /* MJRefreshNormalHeader.h */ = {isa = PBXFileReference; fileEncoding = 4; lastKnownFileType = sourcecode.c.h; path = MJRefreshNormalHeader.h; sourceTree = "<group>"; };
		026C49BF1D260C1000214630 /* MJRefreshNormalHeader.m */ = {isa = PBXFileReference; fileEncoding = 4; lastKnownFileType = sourcecode.c.objc; path = MJRefreshNormalHeader.m; sourceTree = "<group>"; };
		026C49C01D260C1000214630 /* MJRefreshStateHeader.h */ = {isa = PBXFileReference; fileEncoding = 4; lastKnownFileType = sourcecode.c.h; path = MJRefreshStateHeader.h; sourceTree = "<group>"; };
		026C49C11D260C1000214630 /* MJRefreshStateHeader.m */ = {isa = PBXFileReference; fileEncoding = 4; lastKnownFileType = sourcecode.c.objc; path = MJRefreshStateHeader.m; sourceTree = "<group>"; };
		026C49C21D260C1000214630 /* MJRefresh.bundle */ = {isa = PBXFileReference; lastKnownFileType = "wrapper.plug-in"; path = MJRefresh.bundle; sourceTree = "<group>"; };
		026C49C31D260C1000214630 /* MJRefresh.h */ = {isa = PBXFileReference; fileEncoding = 4; lastKnownFileType = sourcecode.c.h; path = MJRefresh.h; sourceTree = "<group>"; };
		026C49C41D260C1000214630 /* MJRefreshConst.h */ = {isa = PBXFileReference; fileEncoding = 4; lastKnownFileType = sourcecode.c.h; path = MJRefreshConst.h; sourceTree = "<group>"; };
		026C49C51D260C1000214630 /* MJRefreshConst.m */ = {isa = PBXFileReference; fileEncoding = 4; lastKnownFileType = sourcecode.c.objc; path = MJRefreshConst.m; sourceTree = "<group>"; };
		026C49C61D260C1000214630 /* NSBundle+MJRefresh.h */ = {isa = PBXFileReference; fileEncoding = 4; lastKnownFileType = sourcecode.c.h; path = "NSBundle+MJRefresh.h"; sourceTree = "<group>"; };
		026C49C71D260C1000214630 /* NSBundle+MJRefresh.m */ = {isa = PBXFileReference; fileEncoding = 4; lastKnownFileType = sourcecode.c.objc; path = "NSBundle+MJRefresh.m"; sourceTree = "<group>"; };
		026C49C81D260C1000214630 /* UIScrollView+MJExtension.h */ = {isa = PBXFileReference; fileEncoding = 4; lastKnownFileType = sourcecode.c.h; path = "UIScrollView+MJExtension.h"; sourceTree = "<group>"; };
		026C49C91D260C1000214630 /* UIScrollView+MJExtension.m */ = {isa = PBXFileReference; fileEncoding = 4; lastKnownFileType = sourcecode.c.objc; path = "UIScrollView+MJExtension.m"; sourceTree = "<group>"; };
		026C49CA1D260C1000214630 /* UIScrollView+MJRefresh.h */ = {isa = PBXFileReference; fileEncoding = 4; lastKnownFileType = sourcecode.c.h; path = "UIScrollView+MJRefresh.h"; sourceTree = "<group>"; };
		026C49CB1D260C1000214630 /* UIScrollView+MJRefresh.m */ = {isa = PBXFileReference; fileEncoding = 4; lastKnownFileType = sourcecode.c.objc; path = "UIScrollView+MJRefresh.m"; sourceTree = "<group>"; };
		026C49CC1D260C1000214630 /* UIView+MJExtension.h */ = {isa = PBXFileReference; fileEncoding = 4; lastKnownFileType = sourcecode.c.h; path = "UIView+MJExtension.h"; sourceTree = "<group>"; };
		026C49CD1D260C1000214630 /* UIView+MJExtension.m */ = {isa = PBXFileReference; fileEncoding = 4; lastKnownFileType = sourcecode.c.objc; path = "UIView+MJExtension.m"; sourceTree = "<group>"; };
		026C49E21D2617FC00214630 /* PublicTool.h */ = {isa = PBXFileReference; fileEncoding = 4; lastKnownFileType = sourcecode.c.h; path = PublicTool.h; sourceTree = "<group>"; };
		026C49E31D2617FC00214630 /* PublicTool.m */ = {isa = PBXFileReference; fileEncoding = 4; lastKnownFileType = sourcecode.c.objc; path = PublicTool.m; sourceTree = "<group>"; };
		026C49EA1D26665F00214630 /* ProjectDetailsTableViewCell.h */ = {isa = PBXFileReference; fileEncoding = 4; lastKnownFileType = sourcecode.c.h; path = ProjectDetailsTableViewCell.h; sourceTree = "<group>"; };
		026C49EB1D26665F00214630 /* ProjectDetailsTableViewCell.m */ = {isa = PBXFileReference; fileEncoding = 4; lastKnownFileType = sourcecode.c.objc; path = ProjectDetailsTableViewCell.m; sourceTree = "<group>"; };
		026EF4E11CF2FCCC003A8A95 /* chuyingwang.app */ = {isa = PBXFileReference; explicitFileType = wrapper.application; includeInIndex = 0; path = chuyingwang.app; sourceTree = BUILT_PRODUCTS_DIR; };
		026EF4E51CF2FCCC003A8A95 /* main.m */ = {isa = PBXFileReference; lastKnownFileType = sourcecode.c.objc; path = main.m; sourceTree = "<group>"; };
		026EF4E71CF2FCCC003A8A95 /* AppDelegate.h */ = {isa = PBXFileReference; lastKnownFileType = sourcecode.c.h; path = AppDelegate.h; sourceTree = "<group>"; };
		026EF4E81CF2FCCC003A8A95 /* AppDelegate.m */ = {isa = PBXFileReference; lastKnownFileType = sourcecode.c.objc; path = AppDelegate.m; sourceTree = "<group>"; };
		026EF4EA1CF2FCCC003A8A95 /* ViewController.h */ = {isa = PBXFileReference; lastKnownFileType = sourcecode.c.h; path = ViewController.h; sourceTree = "<group>"; };
		026EF4EB1CF2FCCC003A8A95 /* ViewController.m */ = {isa = PBXFileReference; lastKnownFileType = sourcecode.c.objc; path = ViewController.m; sourceTree = "<group>"; };
		026EF4EE1CF2FCCC003A8A95 /* Base */ = {isa = PBXFileReference; lastKnownFileType = file.storyboard; name = Base; path = Base.lproj/Main.storyboard; sourceTree = "<group>"; };
		026EF4F01CF2FCCC003A8A95 /* Assets.xcassets */ = {isa = PBXFileReference; lastKnownFileType = folder.assetcatalog; path = Assets.xcassets; sourceTree = "<group>"; };
		026EF4F51CF2FCCC003A8A95 /* Info.plist */ = {isa = PBXFileReference; lastKnownFileType = text.plist.xml; path = Info.plist; sourceTree = "<group>"; };
		026EF4FA1CF2FCCC003A8A95 /* chuyingwangTests.xctest */ = {isa = PBXFileReference; explicitFileType = wrapper.cfbundle; includeInIndex = 0; path = chuyingwangTests.xctest; sourceTree = BUILT_PRODUCTS_DIR; };
		026EF4FE1CF2FCCC003A8A95 /* chuyingwangTests.m */ = {isa = PBXFileReference; lastKnownFileType = sourcecode.c.objc; path = chuyingwangTests.m; sourceTree = "<group>"; };
		026EF5001CF2FCCC003A8A95 /* Info.plist */ = {isa = PBXFileReference; lastKnownFileType = text.plist.xml; path = Info.plist; sourceTree = "<group>"; };
		026EF5051CF2FCCC003A8A95 /* chuyingwangUITests.xctest */ = {isa = PBXFileReference; explicitFileType = wrapper.cfbundle; includeInIndex = 0; path = chuyingwangUITests.xctest; sourceTree = BUILT_PRODUCTS_DIR; };
		026EF5091CF2FCCC003A8A95 /* chuyingwangUITests.m */ = {isa = PBXFileReference; lastKnownFileType = sourcecode.c.objc; path = chuyingwangUITests.m; sourceTree = "<group>"; };
		026EF50B1CF2FCCC003A8A95 /* Info.plist */ = {isa = PBXFileReference; lastKnownFileType = text.plist.xml; path = Info.plist; sourceTree = "<group>"; };
		0274916F1CF55CE200C8E0B0 /* DefaultDirectionInterpretor.h */ = {isa = PBXFileReference; fileEncoding = 4; lastKnownFileType = sourcecode.c.h; path = DefaultDirectionInterpretor.h; sourceTree = "<group>"; };
		027491701CF55CE200C8E0B0 /* DefaultDirectionInterpretor.m */ = {isa = PBXFileReference; fileEncoding = 4; lastKnownFileType = sourcecode.c.objc; path = DefaultDirectionInterpretor.m; sourceTree = "<group>"; };
		027491711CF55CE200C8E0B0 /* DefaultShouldSwipeDeterminator.h */ = {isa = PBXFileReference; fileEncoding = 4; lastKnownFileType = sourcecode.c.h; path = DefaultShouldSwipeDeterminator.h; sourceTree = "<group>"; };
		027491721CF55CE200C8E0B0 /* DefaultShouldSwipeDeterminator.m */ = {isa = PBXFileReference; fileEncoding = 4; lastKnownFileType = sourcecode.c.objc; path = DefaultShouldSwipeDeterminator.m; sourceTree = "<group>"; };
		027491731CF55CE200C8E0B0 /* DefaultViewAnimator.h */ = {isa = PBXFileReference; fileEncoding = 4; lastKnownFileType = sourcecode.c.h; path = DefaultViewAnimator.h; sourceTree = "<group>"; };
		027491741CF55CE200C8E0B0 /* DefaultViewAnimator.m */ = {isa = PBXFileReference; fileEncoding = 4; lastKnownFileType = sourcecode.c.objc; path = DefaultViewAnimator.m; sourceTree = "<group>"; };
		027491751CF55CE200C8E0B0 /* PanGestureRecognizer.h */ = {isa = PBXFileReference; fileEncoding = 4; lastKnownFileType = sourcecode.c.h; path = PanGestureRecognizer.h; sourceTree = "<group>"; };
		027491761CF55CE200C8E0B0 /* PanGestureRecognizer.m */ = {isa = PBXFileReference; fileEncoding = 4; lastKnownFileType = sourcecode.c.objc; path = PanGestureRecognizer.m; sourceTree = "<group>"; };
		027491771CF55CE200C8E0B0 /* Scheduler.h */ = {isa = PBXFileReference; fileEncoding = 4; lastKnownFileType = sourcecode.c.h; path = Scheduler.h; sourceTree = "<group>"; };
		027491781CF55CE200C8E0B0 /* Scheduler.m */ = {isa = PBXFileReference; fileEncoding = 4; lastKnownFileType = sourcecode.c.objc; path = Scheduler.m; sourceTree = "<group>"; };
		027491791CF55CE200C8E0B0 /* Utils.h */ = {isa = PBXFileReference; fileEncoding = 4; lastKnownFileType = sourcecode.c.h; path = Utils.h; sourceTree = "<group>"; };
		0274917A1CF55CE200C8E0B0 /* Utils.m */ = {isa = PBXFileReference; fileEncoding = 4; lastKnownFileType = sourcecode.c.objc; path = Utils.m; sourceTree = "<group>"; };
		0274917B1CF55CE200C8E0B0 /* ViewManager.h */ = {isa = PBXFileReference; fileEncoding = 4; lastKnownFileType = sourcecode.c.h; path = ViewManager.h; sourceTree = "<group>"; };
		0274917C1CF55CE200C8E0B0 /* ViewManager.m */ = {isa = PBXFileReference; fileEncoding = 4; lastKnownFileType = sourcecode.c.objc; path = ViewManager.m; sourceTree = "<group>"; };
		0274917D1CF55CE200C8E0B0 /* ZLSwipeableView.h */ = {isa = PBXFileReference; fileEncoding = 4; lastKnownFileType = sourcecode.c.h; path = ZLSwipeableView.h; sourceTree = "<group>"; };
		0274917E1CF55CE200C8E0B0 /* ZLSwipeableView.m */ = {isa = PBXFileReference; fileEncoding = 4; lastKnownFileType = sourcecode.c.objc; path = ZLSwipeableView.m; sourceTree = "<group>"; };
		0274917F1CF55CE200C8E0B0 /* ZLSwipeableViewMovement.h */ = {isa = PBXFileReference; fileEncoding = 4; lastKnownFileType = sourcecode.c.h; path = ZLSwipeableViewMovement.h; sourceTree = "<group>"; };
		027491801CF55CE200C8E0B0 /* ZLSwipeableViewMovement.m */ = {isa = PBXFileReference; fileEncoding = 4; lastKnownFileType = sourcecode.c.objc; path = ZLSwipeableViewMovement.m; sourceTree = "<group>"; };
		027491811CF55CE200C8E0B0 /* ZLSwipeableViewSwipeOptions.h */ = {isa = PBXFileReference; fileEncoding = 4; lastKnownFileType = sourcecode.c.h; path = ZLSwipeableViewSwipeOptions.h; sourceTree = "<group>"; };
		027491821CF55CE200C8E0B0 /* ZLSwipeableViewSwipeOptions.m */ = {isa = PBXFileReference; fileEncoding = 4; lastKnownFileType = sourcecode.c.objc; path = ZLSwipeableViewSwipeOptions.m; sourceTree = "<group>"; };
		027E29301D015B16001A2956 /* bhkCommon.h */ = {isa = PBXFileReference; lastKnownFileType = sourcecode.c.h; path = bhkCommon.h; sourceTree = "<group>"; };
		0286AA511D00371500C21703 /* InvestorTableViewController.h */ = {isa = PBXFileReference; fileEncoding = 4; lastKnownFileType = sourcecode.c.h; name = InvestorTableViewController.h; path = "chuyingwang/投资人/InvestorTableViewController.h"; sourceTree = SOURCE_ROOT; };
		0286AA521D00371500C21703 /* InvestorTableViewController.m */ = {isa = PBXFileReference; fileEncoding = 4; lastKnownFileType = sourcecode.c.objc; name = InvestorTableViewController.m; path = "chuyingwang/投资人/InvestorTableViewController.m"; sourceTree = SOURCE_ROOT; };
		0286AA541D00373F00C21703 /* investorTableViewCell.h */ = {isa = PBXFileReference; fileEncoding = 4; lastKnownFileType = sourcecode.c.h; name = investorTableViewCell.h; path = "chuyingwang/投资人/investorTableViewCell.h"; sourceTree = SOURCE_ROOT; };
		0286AA551D00373F00C21703 /* investorTableViewCell.m */ = {isa = PBXFileReference; fileEncoding = 4; lastKnownFileType = sourcecode.c.objc; name = investorTableViewCell.m; path = "chuyingwang/投资人/investorTableViewCell.m"; sourceTree = SOURCE_ROOT; };
		0286AA561D00373F00C21703 /* investorTableViewCell.xib */ = {isa = PBXFileReference; fileEncoding = 4; lastKnownFileType = file.xib; name = investorTableViewCell.xib; path = "chuyingwang/投资人/investorTableViewCell.xib"; sourceTree = SOURCE_ROOT; };
		0288D0D11D0713490057D970 /* InvestorModel.h */ = {isa = PBXFileReference; fileEncoding = 4; lastKnownFileType = sourcecode.c.h; name = InvestorModel.h; path = "chuyingwang/投资人/InvestorModel.h"; sourceTree = SOURCE_ROOT; };
		0288D0D21D0713490057D970 /* InvestorModel.m */ = {isa = PBXFileReference; fileEncoding = 4; lastKnownFileType = sourcecode.c.objc; name = InvestorModel.m; path = "chuyingwang/投资人/InvestorModel.m"; sourceTree = SOURCE_ROOT; };
		02BED9891D2A0FE9001304B5 /* FMDatabase.h */ = {isa = PBXFileReference; fileEncoding = 4; lastKnownFileType = sourcecode.c.h; path = FMDatabase.h; sourceTree = "<group>"; };
		02BED98A1D2A0FE9001304B5 /* FMDatabase.m */ = {isa = PBXFileReference; fileEncoding = 4; lastKnownFileType = sourcecode.c.objc; path = FMDatabase.m; sourceTree = "<group>"; };
		02BED98B1D2A0FE9001304B5 /* FMDatabaseAdditions.h */ = {isa = PBXFileReference; fileEncoding = 4; lastKnownFileType = sourcecode.c.h; path = FMDatabaseAdditions.h; sourceTree = "<group>"; };
		02BED98C1D2A0FE9001304B5 /* FMDatabaseAdditions.m */ = {isa = PBXFileReference; fileEncoding = 4; lastKnownFileType = sourcecode.c.objc; path = FMDatabaseAdditions.m; sourceTree = "<group>"; };
		02BED98D1D2A0FE9001304B5 /* FMDatabasePool.h */ = {isa = PBXFileReference; fileEncoding = 4; lastKnownFileType = sourcecode.c.h; path = FMDatabasePool.h; sourceTree = "<group>"; };
		02BED98E1D2A0FE9001304B5 /* FMDatabasePool.m */ = {isa = PBXFileReference; fileEncoding = 4; lastKnownFileType = sourcecode.c.objc; path = FMDatabasePool.m; sourceTree = "<group>"; };
		02BED98F1D2A0FE9001304B5 /* FMDatabaseQueue.h */ = {isa = PBXFileReference; fileEncoding = 4; lastKnownFileType = sourcecode.c.h; path = FMDatabaseQueue.h; sourceTree = "<group>"; };
		02BED9901D2A0FE9001304B5 /* FMDatabaseQueue.m */ = {isa = PBXFileReference; fileEncoding = 4; lastKnownFileType = sourcecode.c.objc; path = FMDatabaseQueue.m; sourceTree = "<group>"; };
		02BED9911D2A0FE9001304B5 /* FMDB.h */ = {isa = PBXFileReference; fileEncoding = 4; lastKnownFileType = sourcecode.c.h; path = FMDB.h; sourceTree = "<group>"; };
		02BED9921D2A0FE9001304B5 /* FMResultSet.h */ = {isa = PBXFileReference; fileEncoding = 4; lastKnownFileType = sourcecode.c.h; path = FMResultSet.h; sourceTree = "<group>"; };
		02BED9931D2A0FE9001304B5 /* FMResultSet.m */ = {isa = PBXFileReference; fileEncoding = 4; lastKnownFileType = sourcecode.c.objc; path = FMResultSet.m; sourceTree = "<group>"; };
		02BED9941D2A0FE9001304B5 /* Info.plist */ = {isa = PBXFileReference; fileEncoding = 4; lastKnownFileType = text.plist.xml; path = Info.plist; sourceTree = "<group>"; };
		02BED99B1D2A44F9001304B5 /* libsqlite3.tbd */ = {isa = PBXFileReference; lastKnownFileType = "sourcecode.text-based-dylib-definition"; name = libsqlite3.tbd; path = usr/lib/libsqlite3.tbd; sourceTree = SDKROOT; };
		02BED99E1D2A4664001304B5 /* DBHelp.h */ = {isa = PBXFileReference; fileEncoding = 4; lastKnownFileType = sourcecode.c.h; path = DBHelp.h; sourceTree = "<group>"; };
		02BED99F1D2A4664001304B5 /* DBHelp.m */ = {isa = PBXFileReference; fileEncoding = 4; lastKnownFileType = sourcecode.c.objc; path = DBHelp.m; sourceTree = "<group>"; };
		02D4A14D1D38DDEB004543E8 /* ProjectIntroductionTableViewCell.h */ = {isa = PBXFileReference; fileEncoding = 4; lastKnownFileType = sourcecode.c.h; path = ProjectIntroductionTableViewCell.h; sourceTree = "<group>"; };
		02D4A14E1D38DDEB004543E8 /* ProjectIntroductionTableViewCell.m */ = {isa = PBXFileReference; fileEncoding = 4; lastKnownFileType = sourcecode.c.objc; path = ProjectIntroductionTableViewCell.m; sourceTree = "<group>"; };
		02D4A1501D38EB96004543E8 /* ProjectTeamTableViewCell.h */ = {isa = PBXFileReference; fileEncoding = 4; lastKnownFileType = sourcecode.c.h; path = ProjectTeamTableViewCell.h; sourceTree = "<group>"; };
		02D4A1511D38EB96004543E8 /* ProjectTeamTableViewCell.m */ = {isa = PBXFileReference; fileEncoding = 4; lastKnownFileType = sourcecode.c.objc; path = ProjectTeamTableViewCell.m; sourceTree = "<group>"; };
		02DF7AFD1CF3FEAF00C9C8F0 /* ASIAuthenticationDialog.h */ = {isa = PBXFileReference; fileEncoding = 4; lastKnownFileType = sourcecode.c.h; path = ASIAuthenticationDialog.h; sourceTree = "<group>"; };
		02DF7AFE1CF3FEAF00C9C8F0 /* ASIAuthenticationDialog.m */ = {isa = PBXFileReference; fileEncoding = 4; lastKnownFileType = sourcecode.c.objc; path = ASIAuthenticationDialog.m; sourceTree = "<group>"; };
		02DF7AFF1CF3FEAF00C9C8F0 /* ASICacheDelegate.h */ = {isa = PBXFileReference; fileEncoding = 4; lastKnownFileType = sourcecode.c.h; path = ASICacheDelegate.h; sourceTree = "<group>"; };
		02DF7B001CF3FEAF00C9C8F0 /* ASIDataCompressor.h */ = {isa = PBXFileReference; fileEncoding = 4; lastKnownFileType = sourcecode.c.h; path = ASIDataCompressor.h; sourceTree = "<group>"; };
		02DF7B011CF3FEAF00C9C8F0 /* ASIDataCompressor.m */ = {isa = PBXFileReference; fileEncoding = 4; lastKnownFileType = sourcecode.c.objc; path = ASIDataCompressor.m; sourceTree = "<group>"; };
		02DF7B021CF3FEAF00C9C8F0 /* ASIDataDecompressor.h */ = {isa = PBXFileReference; fileEncoding = 4; lastKnownFileType = sourcecode.c.h; path = ASIDataDecompressor.h; sourceTree = "<group>"; };
		02DF7B031CF3FEAF00C9C8F0 /* ASIDataDecompressor.m */ = {isa = PBXFileReference; fileEncoding = 4; lastKnownFileType = sourcecode.c.objc; path = ASIDataDecompressor.m; sourceTree = "<group>"; };
		02DF7B041CF3FEAF00C9C8F0 /* ASIDownloadCache.h */ = {isa = PBXFileReference; fileEncoding = 4; lastKnownFileType = sourcecode.c.h; path = ASIDownloadCache.h; sourceTree = "<group>"; };
		02DF7B051CF3FEAF00C9C8F0 /* ASIDownloadCache.m */ = {isa = PBXFileReference; fileEncoding = 4; lastKnownFileType = sourcecode.c.objc; path = ASIDownloadCache.m; sourceTree = "<group>"; };
		02DF7B061CF3FEAF00C9C8F0 /* ASIFormDataRequest.h */ = {isa = PBXFileReference; fileEncoding = 4; lastKnownFileType = sourcecode.c.h; path = ASIFormDataRequest.h; sourceTree = "<group>"; };
		02DF7B071CF3FEAF00C9C8F0 /* ASIFormDataRequest.m */ = {isa = PBXFileReference; fileEncoding = 4; lastKnownFileType = sourcecode.c.objc; path = ASIFormDataRequest.m; sourceTree = "<group>"; };
		02DF7B081CF3FEAF00C9C8F0 /* ASIHTTPRequest.h */ = {isa = PBXFileReference; fileEncoding = 4; lastKnownFileType = sourcecode.c.h; path = ASIHTTPRequest.h; sourceTree = "<group>"; };
		02DF7B091CF3FEAF00C9C8F0 /* ASIHTTPRequest.m */ = {isa = PBXFileReference; fileEncoding = 4; lastKnownFileType = sourcecode.c.objc; path = ASIHTTPRequest.m; sourceTree = "<group>"; };
		02DF7B0A1CF3FEAF00C9C8F0 /* ASIHTTPRequestConfig.h */ = {isa = PBXFileReference; fileEncoding = 4; lastKnownFileType = sourcecode.c.h; path = ASIHTTPRequestConfig.h; sourceTree = "<group>"; };
		02DF7B0B1CF3FEAF00C9C8F0 /* ASIHTTPRequestDelegate.h */ = {isa = PBXFileReference; fileEncoding = 4; lastKnownFileType = sourcecode.c.h; path = ASIHTTPRequestDelegate.h; sourceTree = "<group>"; };
		02DF7B0C1CF3FEAF00C9C8F0 /* ASIInputStream.h */ = {isa = PBXFileReference; fileEncoding = 4; lastKnownFileType = sourcecode.c.h; path = ASIInputStream.h; sourceTree = "<group>"; };
		02DF7B0D1CF3FEAF00C9C8F0 /* ASIInputStream.m */ = {isa = PBXFileReference; fileEncoding = 4; lastKnownFileType = sourcecode.c.objc; path = ASIInputStream.m; sourceTree = "<group>"; };
		02DF7B0E1CF3FEAF00C9C8F0 /* ASINetworkQueue.h */ = {isa = PBXFileReference; fileEncoding = 4; lastKnownFileType = sourcecode.c.h; path = ASINetworkQueue.h; sourceTree = "<group>"; };
		02DF7B0F1CF3FEAF00C9C8F0 /* ASINetworkQueue.m */ = {isa = PBXFileReference; fileEncoding = 4; lastKnownFileType = sourcecode.c.objc; path = ASINetworkQueue.m; sourceTree = "<group>"; };
		02DF7B101CF3FEAF00C9C8F0 /* ASIProgressDelegate.h */ = {isa = PBXFileReference; fileEncoding = 4; lastKnownFileType = sourcecode.c.h; path = ASIProgressDelegate.h; sourceTree = "<group>"; };
		02DF7B121CF3FEAF00C9C8F0 /* ASIWebPageRequest.h */ = {isa = PBXFileReference; fileEncoding = 4; lastKnownFileType = sourcecode.c.h; path = ASIWebPageRequest.h; sourceTree = "<group>"; };
		02DF7B131CF3FEAF00C9C8F0 /* ASIWebPageRequest.m */ = {isa = PBXFileReference; fileEncoding = 4; lastKnownFileType = sourcecode.c.objc; path = ASIWebPageRequest.m; sourceTree = "<group>"; };
		02DF7B151CF3FEAF00C9C8F0 /* ASICloudFilesCDNRequest.h */ = {isa = PBXFileReference; fileEncoding = 4; lastKnownFileType = sourcecode.c.h; path = ASICloudFilesCDNRequest.h; sourceTree = "<group>"; };
		02DF7B161CF3FEAF00C9C8F0 /* ASICloudFilesCDNRequest.m */ = {isa = PBXFileReference; fileEncoding = 4; lastKnownFileType = sourcecode.c.objc; path = ASICloudFilesCDNRequest.m; sourceTree = "<group>"; };
		02DF7B171CF3FEAF00C9C8F0 /* ASICloudFilesContainer.h */ = {isa = PBXFileReference; fileEncoding = 4; lastKnownFileType = sourcecode.c.h; path = ASICloudFilesContainer.h; sourceTree = "<group>"; };
		02DF7B181CF3FEAF00C9C8F0 /* ASICloudFilesContainer.m */ = {isa = PBXFileReference; fileEncoding = 4; lastKnownFileType = sourcecode.c.objc; path = ASICloudFilesContainer.m; sourceTree = "<group>"; };
		02DF7B191CF3FEAF00C9C8F0 /* ASICloudFilesContainerRequest.h */ = {isa = PBXFileReference; fileEncoding = 4; lastKnownFileType = sourcecode.c.h; path = ASICloudFilesContainerRequest.h; sourceTree = "<group>"; };
		02DF7B1A1CF3FEAF00C9C8F0 /* ASICloudFilesContainerRequest.m */ = {isa = PBXFileReference; fileEncoding = 4; lastKnownFileType = sourcecode.c.objc; path = ASICloudFilesContainerRequest.m; sourceTree = "<group>"; };
		02DF7B1B1CF3FEAF00C9C8F0 /* ASICloudFilesContainerXMLParserDelegate.h */ = {isa = PBXFileReference; fileEncoding = 4; lastKnownFileType = sourcecode.c.h; path = ASICloudFilesContainerXMLParserDelegate.h; sourceTree = "<group>"; };
		02DF7B1C1CF3FEAF00C9C8F0 /* ASICloudFilesContainerXMLParserDelegate.m */ = {isa = PBXFileReference; fileEncoding = 4; lastKnownFileType = sourcecode.c.objc; path = ASICloudFilesContainerXMLParserDelegate.m; sourceTree = "<group>"; };
		02DF7B1D1CF3FEAF00C9C8F0 /* ASICloudFilesObject.h */ = {isa = PBXFileReference; fileEncoding = 4; lastKnownFileType = sourcecode.c.h; path = ASICloudFilesObject.h; sourceTree = "<group>"; };
		02DF7B1E1CF3FEAF00C9C8F0 /* ASICloudFilesObject.m */ = {isa = PBXFileReference; fileEncoding = 4; lastKnownFileType = sourcecode.c.objc; path = ASICloudFilesObject.m; sourceTree = "<group>"; };
		02DF7B1F1CF3FEAF00C9C8F0 /* ASICloudFilesObjectRequest.h */ = {isa = PBXFileReference; fileEncoding = 4; lastKnownFileType = sourcecode.c.h; path = ASICloudFilesObjectRequest.h; sourceTree = "<group>"; };
		02DF7B201CF3FEAF00C9C8F0 /* ASICloudFilesObjectRequest.m */ = {isa = PBXFileReference; fileEncoding = 4; lastKnownFileType = sourcecode.c.objc; path = ASICloudFilesObjectRequest.m; sourceTree = "<group>"; };
		02DF7B211CF3FEAF00C9C8F0 /* ASICloudFilesRequest.h */ = {isa = PBXFileReference; fileEncoding = 4; lastKnownFileType = sourcecode.c.h; path = ASICloudFilesRequest.h; sourceTree = "<group>"; };
		02DF7B221CF3FEAF00C9C8F0 /* ASICloudFilesRequest.m */ = {isa = PBXFileReference; fileEncoding = 4; lastKnownFileType = sourcecode.c.objc; path = ASICloudFilesRequest.m; sourceTree = "<group>"; };
		02DF7B241CF3FEAF00C9C8F0 /* ASINSXMLParserCompat.h */ = {isa = PBXFileReference; fileEncoding = 4; lastKnownFileType = sourcecode.c.h; path = ASINSXMLParserCompat.h; sourceTree = "<group>"; };
		02DF7B251CF3FEAF00C9C8F0 /* ASIS3Bucket.h */ = {isa = PBXFileReference; fileEncoding = 4; lastKnownFileType = sourcecode.c.h; path = ASIS3Bucket.h; sourceTree = "<group>"; };
		02DF7B261CF3FEAF00C9C8F0 /* ASIS3Bucket.m */ = {isa = PBXFileReference; fileEncoding = 4; lastKnownFileType = sourcecode.c.objc; path = ASIS3Bucket.m; sourceTree = "<group>"; };
		02DF7B271CF3FEAF00C9C8F0 /* ASIS3BucketObject.h */ = {isa = PBXFileReference; fileEncoding = 4; lastKnownFileType = sourcecode.c.h; path = ASIS3BucketObject.h; sourceTree = "<group>"; };
		02DF7B281CF3FEAF00C9C8F0 /* ASIS3BucketObject.m */ = {isa = PBXFileReference; fileEncoding = 4; lastKnownFileType = sourcecode.c.objc; path = ASIS3BucketObject.m; sourceTree = "<group>"; };
		02DF7B291CF3FEAF00C9C8F0 /* ASIS3BucketRequest.h */ = {isa = PBXFileReference; fileEncoding = 4; lastKnownFileType = sourcecode.c.h; path = ASIS3BucketRequest.h; sourceTree = "<group>"; };
		02DF7B2A1CF3FEAF00C9C8F0 /* ASIS3BucketRequest.m */ = {isa = PBXFileReference; fileEncoding = 4; lastKnownFileType = sourcecode.c.objc; path = ASIS3BucketRequest.m; sourceTree = "<group>"; };
		02DF7B2B1CF3FEAF00C9C8F0 /* ASIS3ObjectRequest.h */ = {isa = PBXFileReference; fileEncoding = 4; lastKnownFileType = sourcecode.c.h; path = ASIS3ObjectRequest.h; sourceTree = "<group>"; };
		02DF7B2C1CF3FEAF00C9C8F0 /* ASIS3ObjectRequest.m */ = {isa = PBXFileReference; fileEncoding = 4; lastKnownFileType = sourcecode.c.objc; path = ASIS3ObjectRequest.m; sourceTree = "<group>"; };
		02DF7B2D1CF3FEAF00C9C8F0 /* ASIS3Request.h */ = {isa = PBXFileReference; fileEncoding = 4; lastKnownFileType = sourcecode.c.h; path = ASIS3Request.h; sourceTree = "<group>"; };
		02DF7B2E1CF3FEAF00C9C8F0 /* ASIS3Request.m */ = {isa = PBXFileReference; fileEncoding = 4; lastKnownFileType = sourcecode.c.objc; path = ASIS3Request.m; sourceTree = "<group>"; };
		02DF7B2F1CF3FEAF00C9C8F0 /* ASIS3ServiceRequest.h */ = {isa = PBXFileReference; fileEncoding = 4; lastKnownFileType = sourcecode.c.h; path = ASIS3ServiceRequest.h; sourceTree = "<group>"; };
		02DF7B301CF3FEAF00C9C8F0 /* ASIS3ServiceRequest.m */ = {isa = PBXFileReference; fileEncoding = 4; lastKnownFileType = sourcecode.c.objc; path = ASIS3ServiceRequest.m; sourceTree = "<group>"; };
		02DF7B331CF3FEAF00C9C8F0 /* README-GHUnit */ = {isa = PBXFileReference; fileEncoding = 4; lastKnownFileType = text; path = "README-GHUnit"; sourceTree = "<group>"; };
		02DF7B351CF3FEAF00C9C8F0 /* Reachability.h */ = {isa = PBXFileReference; fileEncoding = 4; lastKnownFileType = sourcecode.c.h; path = Reachability.h; sourceTree = "<group>"; };
		02DF7B361CF3FEAF00C9C8F0 /* Reachability.m */ = {isa = PBXFileReference; fileEncoding = 4; lastKnownFileType = sourcecode.c.objc; path = Reachability.m; sourceTree = "<group>"; };
		02DF7B371CF3FEAF00C9C8F0 /* UIImage+MJ.h */ = {isa = PBXFileReference; fileEncoding = 4; lastKnownFileType = sourcecode.c.h; path = "UIImage+MJ.h"; sourceTree = "<group>"; };
		02DF7B381CF3FEAF00C9C8F0 /* UIImage+MJ.m */ = {isa = PBXFileReference; fileEncoding = 4; lastKnownFileType = sourcecode.c.objc; path = "UIImage+MJ.m"; sourceTree = "<group>"; };
		02DF7B521CF3FF1800C9C8F0 /* libxml2.tbd */ = {isa = PBXFileReference; fileEncoding = 4; lastKnownFileType = "sourcecode.text-based-dylib-definition"; path = libxml2.tbd; sourceTree = "<group>"; };
		02DF7B541CF3FF3300C9C8F0 /* libz.1.2.5.tbd */ = {isa = PBXFileReference; fileEncoding = 4; lastKnownFileType = "sourcecode.text-based-dylib-definition"; path = libz.1.2.5.tbd; sourceTree = "<group>"; };
		02DF7B551CF3FF3300C9C8F0 /* CoreTelephony.framework */ = {isa = PBXFileReference; lastKnownFileType = wrapper.framework; path = CoreTelephony.framework; sourceTree = "<group>"; };
		02DF7B561CF3FF3300C9C8F0 /* CoreGraphics.framework */ = {isa = PBXFileReference; lastKnownFileType = wrapper.framework; path = CoreGraphics.framework; sourceTree = "<group>"; };
		02DF7B571CF3FF3300C9C8F0 /* MobileCoreServices.framework */ = {isa = PBXFileReference; lastKnownFileType = wrapper.framework; path = MobileCoreServices.framework; sourceTree = "<group>"; };
		02DF7B581CF3FF3300C9C8F0 /* SystemConfiguration.framework */ = {isa = PBXFileReference; lastKnownFileType = wrapper.framework; path = SystemConfiguration.framework; sourceTree = "<group>"; };
		02DF7B591CF3FF3300C9C8F0 /* CFNetwork.framework */ = {isa = PBXFileReference; lastKnownFileType = wrapper.framework; path = CFNetwork.framework; sourceTree = "<group>"; };
		02E1ECB51CF6FEF500BD56E8 /* CardView.h */ = {isa = PBXFileReference; fileEncoding = 4; lastKnownFileType = sourcecode.c.h; path = CardView.h; sourceTree = "<group>"; };
		02E1ECB61CF6FEF500BD56E8 /* CardView.m */ = {isa = PBXFileReference; fileEncoding = 4; lastKnownFileType = sourcecode.c.objc; path = CardView.m; sourceTree = "<group>"; };
		3AA6C24F1CF9CA0D00AEE4A9 /* FirstView.h */ = {isa = PBXFileReference; fileEncoding = 4; lastKnownFileType = sourcecode.c.h; name = FirstView.h; path = View/FirstView.h; sourceTree = "<group>"; };
		3AA6C2501CF9CA0D00AEE4A9 /* FirstView.m */ = {isa = PBXFileReference; fileEncoding = 4; lastKnownFileType = sourcecode.c.objc; name = FirstView.m; path = View/FirstView.m; sourceTree = "<group>"; };
		3AA6C2601CF9E1AD00AEE4A9 /* ProjcetViewTableViewController.h */ = {isa = PBXFileReference; fileEncoding = 4; lastKnownFileType = sourcecode.c.h; path = ProjcetViewTableViewController.h; sourceTree = "<group>"; };
		3AA6C2611CF9E1AD00AEE4A9 /* ProjcetViewTableViewController.m */ = {isa = PBXFileReference; fileEncoding = 4; lastKnownFileType = sourcecode.c.objc; path = ProjcetViewTableViewController.m; sourceTree = "<group>"; };
		3AA6C2631CF9F03D00AEE4A9 /* projectTableViewCell.h */ = {isa = PBXFileReference; fileEncoding = 4; lastKnownFileType = sourcecode.c.h; path = projectTableViewCell.h; sourceTree = "<group>"; };
		3AA6C2641CF9F03D00AEE4A9 /* projectTableViewCell.m */ = {isa = PBXFileReference; fileEncoding = 4; lastKnownFileType = sourcecode.c.objc; path = projectTableViewCell.m; sourceTree = "<group>"; };
		3AA6C2651CF9F03D00AEE4A9 /* projectTableViewCell.xib */ = {isa = PBXFileReference; fileEncoding = 4; lastKnownFileType = file.xib; path = projectTableViewCell.xib; sourceTree = "<group>"; };
		3ACC92841D02DC67002CFD86 /* CardModel.h */ = {isa = PBXFileReference; fileEncoding = 4; lastKnownFileType = sourcecode.c.h; name = CardModel.h; path = "首页/Model/CardModel.h"; sourceTree = "<group>"; };
		3ACC92851D02DC67002CFD86 /* CardModel.m */ = {isa = PBXFileReference; fileEncoding = 4; lastKnownFileType = sourcecode.c.objc; name = CardModel.m; path = "首页/Model/CardModel.m"; sourceTree = "<group>"; };
		3ACC93801D02FAC4002CFD86 /* ProgressView.h */ = {isa = PBXFileReference; fileEncoding = 4; lastKnownFileType = sourcecode.c.h; path = ProgressView.h; sourceTree = "<group>"; };
		3ACC93811D02FAC4002CFD86 /* ProgressView.m */ = {isa = PBXFileReference; fileEncoding = 4; lastKnownFileType = sourcecode.c.objc; path = ProgressView.m; sourceTree = "<group>"; };
/* End PBXFileReference section */

/* Begin PBXFrameworksBuildPhase section */
		026EF4DE1CF2FCCC003A8A95 /* Frameworks */ = {
			isa = PBXFrameworksBuildPhase;
			buildActionMask = 2147483647;
			files = (
				02BED99C1D2A44F9001304B5 /* libsqlite3.tbd in Frameworks */,
				0214C5711D20CF8800F33FA7 /* MediaPlayer.framework in Frameworks */,
				02DF7B5C1CF3FF3300C9C8F0 /* CoreGraphics.framework in Frameworks */,
				02DF7B531CF3FF1800C9C8F0 /* libxml2.tbd in Frameworks */,
				02DF7B5F1CF3FF3300C9C8F0 /* CFNetwork.framework in Frameworks */,
				02DF7B5B1CF3FF3300C9C8F0 /* CoreTelephony.framework in Frameworks */,
				02DF7B5D1CF3FF3300C9C8F0 /* MobileCoreServices.framework in Frameworks */,
				02DF7B5E1CF3FF3300C9C8F0 /* SystemConfiguration.framework in Frameworks */,
				02DF7B5A1CF3FF3300C9C8F0 /* libz.1.2.5.tbd in Frameworks */,
			);
			runOnlyForDeploymentPostprocessing = 0;
		};
		026EF4F71CF2FCCC003A8A95 /* Frameworks */ = {
			isa = PBXFrameworksBuildPhase;
			buildActionMask = 2147483647;
			files = (
			);
			runOnlyForDeploymentPostprocessing = 0;
		};
		026EF5021CF2FCCC003A8A95 /* Frameworks */ = {
			isa = PBXFrameworksBuildPhase;
			buildActionMask = 2147483647;
			files = (
			);
			runOnlyForDeploymentPostprocessing = 0;
		};
/* End PBXFrameworksBuildPhase section */

/* Begin PBXGroup section */
		025515081D33A64500D0CF2C /* HTTPrequest */ = {
			isa = PBXGroup;
			children = (
				025515091D33A67800D0CF2C /* HTTPrequest.h */,
				0255150A1D33A67800D0CF2C /* HTTPrequest.m */,
			);
			name = HTTPrequest;
			sourceTree = "<group>";
		};
		0255150C1D33A79400D0CF2C /* JSONKit */ = {
			isa = PBXGroup;
			children = (
				0255150D1D33A79400D0CF2C /* JSONKit.h */,
				0255150E1D33A79400D0CF2C /* JSONKit.m */,
			);
			path = JSONKit;
			sourceTree = "<group>";
		};
		026C499F1D260C1000214630 /* MJRefresh */ = {
			isa = PBXGroup;
			children = (
				026C49A01D260C1000214630 /* Base */,
				026C49AB1D260C1000214630 /* Custom */,
				026C49C21D260C1000214630 /* MJRefresh.bundle */,
				026C49C31D260C1000214630 /* MJRefresh.h */,
				026C49C41D260C1000214630 /* MJRefreshConst.h */,
				026C49C51D260C1000214630 /* MJRefreshConst.m */,
				026C49C61D260C1000214630 /* NSBundle+MJRefresh.h */,
				026C49C71D260C1000214630 /* NSBundle+MJRefresh.m */,
				026C49C81D260C1000214630 /* UIScrollView+MJExtension.h */,
				026C49C91D260C1000214630 /* UIScrollView+MJExtension.m */,
				026C49CA1D260C1000214630 /* UIScrollView+MJRefresh.h */,
				026C49CB1D260C1000214630 /* UIScrollView+MJRefresh.m */,
				026C49CC1D260C1000214630 /* UIView+MJExtension.h */,
				026C49CD1D260C1000214630 /* UIView+MJExtension.m */,
			);
			path = MJRefresh;
			sourceTree = "<group>";
		};
		026C49A01D260C1000214630 /* Base */ = {
			isa = PBXGroup;
			children = (
				026C49A11D260C1000214630 /* MJRefreshAutoFooter.h */,
				026C49A21D260C1000214630 /* MJRefreshAutoFooter.m */,
				026C49A31D260C1000214630 /* MJRefreshBackFooter.h */,
				026C49A41D260C1000214630 /* MJRefreshBackFooter.m */,
				026C49A51D260C1000214630 /* MJRefreshComponent.h */,
				026C49A61D260C1000214630 /* MJRefreshComponent.m */,
				026C49A71D260C1000214630 /* MJRefreshFooter.h */,
				026C49A81D260C1000214630 /* MJRefreshFooter.m */,
				026C49A91D260C1000214630 /* MJRefreshHeader.h */,
				026C49AA1D260C1000214630 /* MJRefreshHeader.m */,
			);
			path = Base;
			sourceTree = "<group>";
		};
		026C49AB1D260C1000214630 /* Custom */ = {
			isa = PBXGroup;
			children = (
				026C49AC1D260C1000214630 /* Footer */,
				026C49BB1D260C1000214630 /* Header */,
			);
			path = Custom;
			sourceTree = "<group>";
		};
		026C49AC1D260C1000214630 /* Footer */ = {
			isa = PBXGroup;
			children = (
				026C49AD1D260C1000214630 /* Auto */,
				026C49B41D260C1000214630 /* Back */,
			);
			path = Footer;
			sourceTree = "<group>";
		};
		026C49AD1D260C1000214630 /* Auto */ = {
			isa = PBXGroup;
			children = (
				026C49AE1D260C1000214630 /* MJRefreshAutoGifFooter.h */,
				026C49AF1D260C1000214630 /* MJRefreshAutoGifFooter.m */,
				026C49B01D260C1000214630 /* MJRefreshAutoNormalFooter.h */,
				026C49B11D260C1000214630 /* MJRefreshAutoNormalFooter.m */,
				026C49B21D260C1000214630 /* MJRefreshAutoStateFooter.h */,
				026C49B31D260C1000214630 /* MJRefreshAutoStateFooter.m */,
			);
			path = Auto;
			sourceTree = "<group>";
		};
		026C49B41D260C1000214630 /* Back */ = {
			isa = PBXGroup;
			children = (
				026C49B51D260C1000214630 /* MJRefreshBackGifFooter.h */,
				026C49B61D260C1000214630 /* MJRefreshBackGifFooter.m */,
				026C49B71D260C1000214630 /* MJRefreshBackNormalFooter.h */,
				026C49B81D260C1000214630 /* MJRefreshBackNormalFooter.m */,
				026C49B91D260C1000214630 /* MJRefreshBackStateFooter.h */,
				026C49BA1D260C1000214630 /* MJRefreshBackStateFooter.m */,
			);
			path = Back;
			sourceTree = "<group>";
		};
		026C49BB1D260C1000214630 /* Header */ = {
			isa = PBXGroup;
			children = (
				026C49BC1D260C1000214630 /* MJRefreshGifHeader.h */,
				026C49BD1D260C1000214630 /* MJRefreshGifHeader.m */,
				026C49BE1D260C1000214630 /* MJRefreshNormalHeader.h */,
				026C49BF1D260C1000214630 /* MJRefreshNormalHeader.m */,
				026C49C01D260C1000214630 /* MJRefreshStateHeader.h */,
				026C49C11D260C1000214630 /* MJRefreshStateHeader.m */,
			);
			path = Header;
			sourceTree = "<group>";
		};
		026EF4D81CF2FCCC003A8A95 = {
			isa = PBXGroup;
			children = (
				026EF4E31CF2FCCC003A8A95 /* chuyingwang */,
				026EF4FD1CF2FCCC003A8A95 /* chuyingwangTests */,
				026EF5081CF2FCCC003A8A95 /* chuyingwangUITests */,
				026EF4E21CF2FCCC003A8A95 /* Products */,
			);
			sourceTree = "<group>";
		};
		026EF4E21CF2FCCC003A8A95 /* Products */ = {
			isa = PBXGroup;
			children = (
				026EF4E11CF2FCCC003A8A95 /* chuyingwang.app */,
				026EF4FA1CF2FCCC003A8A95 /* chuyingwangTests.xctest */,
				026EF5051CF2FCCC003A8A95 /* chuyingwangUITests.xctest */,
			);
			name = Products;
			sourceTree = "<group>";
		};
		026EF4E31CF2FCCC003A8A95 /* chuyingwang */ = {
			isa = PBXGroup;
			children = (
				026EF4E71CF2FCCC003A8A95 /* AppDelegate.h */,
				026EF4E81CF2FCCC003A8A95 /* AppDelegate.m */,
				026EF4ED1CF2FCCC003A8A95 /* Main.storyboard */,
				3AA6C24B1CF9C56800AEE4A9 /* 首页 */,
				3AA6C25C1CF9DF5E00AEE4A9 /* 项目 */,
				3AA6C2541CF9DF5E00AEE4A9 /* 投资人 */,
				3AA6C2581CF9DF5E00AEE4A9 /* 我的 */,
				026EF4F01CF2FCCC003A8A95 /* Assets.xcassets */,
				026EF4F51CF2FCCC003A8A95 /* Info.plist */,
				026EF51E1CF3022C003A8A95 /* lib */,
				026EF4E41CF2FCCC003A8A95 /* Supporting Files */,
			);
			path = chuyingwang;
			sourceTree = "<group>";
		};
		026EF4E41CF2FCCC003A8A95 /* Supporting Files */ = {
			isa = PBXGroup;
			children = (
				02BED99B1D2A44F9001304B5 /* libsqlite3.tbd */,
				02DF7B521CF3FF1800C9C8F0 /* libxml2.tbd */,
				02DF7B541CF3FF3300C9C8F0 /* libz.1.2.5.tbd */,
				0214C5701D20CF8800F33FA7 /* MediaPlayer.framework */,
				02DF7B551CF3FF3300C9C8F0 /* CoreTelephony.framework */,
				02DF7B561CF3FF3300C9C8F0 /* CoreGraphics.framework */,
				02DF7B571CF3FF3300C9C8F0 /* MobileCoreServices.framework */,
				02DF7B581CF3FF3300C9C8F0 /* SystemConfiguration.framework */,
				02DF7B591CF3FF3300C9C8F0 /* CFNetwork.framework */,
				026EF4E51CF2FCCC003A8A95 /* main.m */,
			);
			name = "Supporting Files";
			sourceTree = "<group>";
		};
		026EF4FD1CF2FCCC003A8A95 /* chuyingwangTests */ = {
			isa = PBXGroup;
			children = (
				026EF4FE1CF2FCCC003A8A95 /* chuyingwangTests.m */,
				026EF5001CF2FCCC003A8A95 /* Info.plist */,
			);
			path = chuyingwangTests;
			sourceTree = "<group>";
		};
		026EF5081CF2FCCC003A8A95 /* chuyingwangUITests */ = {
			isa = PBXGroup;
			children = (
				026EF5091CF2FCCC003A8A95 /* chuyingwangUITests.m */,
				026EF50B1CF2FCCC003A8A95 /* Info.plist */,
			);
			path = chuyingwangUITests;
			sourceTree = "<group>";
		};
		026EF51E1CF3022C003A8A95 /* lib */ = {
			isa = PBXGroup;
			children = (
				025515081D33A64500D0CF2C /* HTTPrequest */,
				02BED99D1D2A451A001304B5 /* DB */,
				027E29301D015B16001A2956 /* bhkCommon.h */,
				026EF51F1CF3022C003A8A95 /* src */,
				026EF5231CF3022C003A8A95 /* tool */,
			);
			path = lib;
			sourceTree = "<group>";
		};
		026EF51F1CF3022C003A8A95 /* src */ = {
			isa = PBXGroup;
			children = (
				0255150C1D33A79400D0CF2C /* JSONKit */,
				02BED9881D2A0FE9001304B5 /* fmdb */,
				026C499F1D260C1000214630 /* MJRefresh */,
				3ACC937F1D02FAC4002CFD86 /* ProgressView */,
				02DF7AFB1CF3FEAF00C9C8F0 /* ASIHttpRequest */,
				0274916E1CF55CE200C8E0B0 /* ZLSwipeableView */,
			);
			path = src;
			sourceTree = "<group>";
		};
		026EF5231CF3022C003A8A95 /* tool */ = {
			isa = PBXGroup;
			children = (
				026C49E21D2617FC00214630 /* PublicTool.h */,
				026C49E31D2617FC00214630 /* PublicTool.m */,
			);
			path = tool;
			sourceTree = "<group>";
		};
		0274916E1CF55CE200C8E0B0 /* ZLSwipeableView */ = {
			isa = PBXGroup;
			children = (
				0274916F1CF55CE200C8E0B0 /* DefaultDirectionInterpretor.h */,
				027491701CF55CE200C8E0B0 /* DefaultDirectionInterpretor.m */,
				027491711CF55CE200C8E0B0 /* DefaultShouldSwipeDeterminator.h */,
				027491721CF55CE200C8E0B0 /* DefaultShouldSwipeDeterminator.m */,
				027491731CF55CE200C8E0B0 /* DefaultViewAnimator.h */,
				027491741CF55CE200C8E0B0 /* DefaultViewAnimator.m */,
				027491751CF55CE200C8E0B0 /* PanGestureRecognizer.h */,
				027491761CF55CE200C8E0B0 /* PanGestureRecognizer.m */,
				027491771CF55CE200C8E0B0 /* Scheduler.h */,
				027491781CF55CE200C8E0B0 /* Scheduler.m */,
				027491791CF55CE200C8E0B0 /* Utils.h */,
				0274917A1CF55CE200C8E0B0 /* Utils.m */,
				0274917B1CF55CE200C8E0B0 /* ViewManager.h */,
				0274917C1CF55CE200C8E0B0 /* ViewManager.m */,
				0274917D1CF55CE200C8E0B0 /* ZLSwipeableView.h */,
				0274917E1CF55CE200C8E0B0 /* ZLSwipeableView.m */,
				0274917F1CF55CE200C8E0B0 /* ZLSwipeableViewMovement.h */,
				027491801CF55CE200C8E0B0 /* ZLSwipeableViewMovement.m */,
				027491811CF55CE200C8E0B0 /* ZLSwipeableViewSwipeOptions.h */,
				027491821CF55CE200C8E0B0 /* ZLSwipeableViewSwipeOptions.m */,
			);
			path = ZLSwipeableView;
			sourceTree = "<group>";
		};
		02BED9881D2A0FE9001304B5 /* fmdb */ = {
			isa = PBXGroup;
			children = (
				02BED9891D2A0FE9001304B5 /* FMDatabase.h */,
				02BED98A1D2A0FE9001304B5 /* FMDatabase.m */,
				02BED98B1D2A0FE9001304B5 /* FMDatabaseAdditions.h */,
				02BED98C1D2A0FE9001304B5 /* FMDatabaseAdditions.m */,
				02BED98D1D2A0FE9001304B5 /* FMDatabasePool.h */,
				02BED98E1D2A0FE9001304B5 /* FMDatabasePool.m */,
				02BED98F1D2A0FE9001304B5 /* FMDatabaseQueue.h */,
				02BED9901D2A0FE9001304B5 /* FMDatabaseQueue.m */,
				02BED9911D2A0FE9001304B5 /* FMDB.h */,
				02BED9921D2A0FE9001304B5 /* FMResultSet.h */,
				02BED9931D2A0FE9001304B5 /* FMResultSet.m */,
				02BED9941D2A0FE9001304B5 /* Info.plist */,
			);
			path = fmdb;
			sourceTree = "<group>";
		};
		02BED99D1D2A451A001304B5 /* DB */ = {
			isa = PBXGroup;
			children = (
				02BED99E1D2A4664001304B5 /* DBHelp.h */,
				02BED99F1D2A4664001304B5 /* DBHelp.m */,
				025CE8671D2B5BED005AC866 /* Table.h */,
			);
			name = DB;
			sourceTree = "<group>";
		};
		02DF7AFB1CF3FEAF00C9C8F0 /* ASIHttpRequest */ = {
			isa = PBXGroup;
			children = (
				02DF7AFC1CF3FEAF00C9C8F0 /* Classes */,
				02DF7B311CF3FEAF00C9C8F0 /* External */,
				02DF7B371CF3FEAF00C9C8F0 /* UIImage+MJ.h */,
				02DF7B381CF3FEAF00C9C8F0 /* UIImage+MJ.m */,
			);
			path = ASIHttpRequest;
			sourceTree = "<group>";
		};
		02DF7AFC1CF3FEAF00C9C8F0 /* Classes */ = {
			isa = PBXGroup;
			children = (
				02DF7AFD1CF3FEAF00C9C8F0 /* ASIAuthenticationDialog.h */,
				02DF7AFE1CF3FEAF00C9C8F0 /* ASIAuthenticationDialog.m */,
				02DF7AFF1CF3FEAF00C9C8F0 /* ASICacheDelegate.h */,
				02DF7B001CF3FEAF00C9C8F0 /* ASIDataCompressor.h */,
				02DF7B011CF3FEAF00C9C8F0 /* ASIDataCompressor.m */,
				02DF7B021CF3FEAF00C9C8F0 /* ASIDataDecompressor.h */,
				02DF7B031CF3FEAF00C9C8F0 /* ASIDataDecompressor.m */,
				02DF7B041CF3FEAF00C9C8F0 /* ASIDownloadCache.h */,
				02DF7B051CF3FEAF00C9C8F0 /* ASIDownloadCache.m */,
				02DF7B061CF3FEAF00C9C8F0 /* ASIFormDataRequest.h */,
				02DF7B071CF3FEAF00C9C8F0 /* ASIFormDataRequest.m */,
				02DF7B081CF3FEAF00C9C8F0 /* ASIHTTPRequest.h */,
				02DF7B091CF3FEAF00C9C8F0 /* ASIHTTPRequest.m */,
				02DF7B0A1CF3FEAF00C9C8F0 /* ASIHTTPRequestConfig.h */,
				02DF7B0B1CF3FEAF00C9C8F0 /* ASIHTTPRequestDelegate.h */,
				02DF7B0C1CF3FEAF00C9C8F0 /* ASIInputStream.h */,
				02DF7B0D1CF3FEAF00C9C8F0 /* ASIInputStream.m */,
				02DF7B0E1CF3FEAF00C9C8F0 /* ASINetworkQueue.h */,
				02DF7B0F1CF3FEAF00C9C8F0 /* ASINetworkQueue.m */,
				02DF7B101CF3FEAF00C9C8F0 /* ASIProgressDelegate.h */,
				02DF7B111CF3FEAF00C9C8F0 /* ASIWebPageRequest */,
				02DF7B141CF3FEAF00C9C8F0 /* CloudFiles */,
				02DF7B231CF3FEAF00C9C8F0 /* S3 */,
			);
			path = Classes;
			sourceTree = "<group>";
		};
		02DF7B111CF3FEAF00C9C8F0 /* ASIWebPageRequest */ = {
			isa = PBXGroup;
			children = (
				02DF7B121CF3FEAF00C9C8F0 /* ASIWebPageRequest.h */,
				02DF7B131CF3FEAF00C9C8F0 /* ASIWebPageRequest.m */,
			);
			path = ASIWebPageRequest;
			sourceTree = "<group>";
		};
		02DF7B141CF3FEAF00C9C8F0 /* CloudFiles */ = {
			isa = PBXGroup;
			children = (
				02DF7B151CF3FEAF00C9C8F0 /* ASICloudFilesCDNRequest.h */,
				02DF7B161CF3FEAF00C9C8F0 /* ASICloudFilesCDNRequest.m */,
				02DF7B171CF3FEAF00C9C8F0 /* ASICloudFilesContainer.h */,
				02DF7B181CF3FEAF00C9C8F0 /* ASICloudFilesContainer.m */,
				02DF7B191CF3FEAF00C9C8F0 /* ASICloudFilesContainerRequest.h */,
				02DF7B1A1CF3FEAF00C9C8F0 /* ASICloudFilesContainerRequest.m */,
				02DF7B1B1CF3FEAF00C9C8F0 /* ASICloudFilesContainerXMLParserDelegate.h */,
				02DF7B1C1CF3FEAF00C9C8F0 /* ASICloudFilesContainerXMLParserDelegate.m */,
				02DF7B1D1CF3FEAF00C9C8F0 /* ASICloudFilesObject.h */,
				02DF7B1E1CF3FEAF00C9C8F0 /* ASICloudFilesObject.m */,
				02DF7B1F1CF3FEAF00C9C8F0 /* ASICloudFilesObjectRequest.h */,
				02DF7B201CF3FEAF00C9C8F0 /* ASICloudFilesObjectRequest.m */,
				02DF7B211CF3FEAF00C9C8F0 /* ASICloudFilesRequest.h */,
				02DF7B221CF3FEAF00C9C8F0 /* ASICloudFilesRequest.m */,
			);
			path = CloudFiles;
			sourceTree = "<group>";
		};
		02DF7B231CF3FEAF00C9C8F0 /* S3 */ = {
			isa = PBXGroup;
			children = (
				02DF7B241CF3FEAF00C9C8F0 /* ASINSXMLParserCompat.h */,
				02DF7B251CF3FEAF00C9C8F0 /* ASIS3Bucket.h */,
				02DF7B261CF3FEAF00C9C8F0 /* ASIS3Bucket.m */,
				02DF7B271CF3FEAF00C9C8F0 /* ASIS3BucketObject.h */,
				02DF7B281CF3FEAF00C9C8F0 /* ASIS3BucketObject.m */,
				02DF7B291CF3FEAF00C9C8F0 /* ASIS3BucketRequest.h */,
				02DF7B2A1CF3FEAF00C9C8F0 /* ASIS3BucketRequest.m */,
				02DF7B2B1CF3FEAF00C9C8F0 /* ASIS3ObjectRequest.h */,
				02DF7B2C1CF3FEAF00C9C8F0 /* ASIS3ObjectRequest.m */,
				02DF7B2D1CF3FEAF00C9C8F0 /* ASIS3Request.h */,
				02DF7B2E1CF3FEAF00C9C8F0 /* ASIS3Request.m */,
				02DF7B2F1CF3FEAF00C9C8F0 /* ASIS3ServiceRequest.h */,
				02DF7B301CF3FEAF00C9C8F0 /* ASIS3ServiceRequest.m */,
			);
			path = S3;
			sourceTree = "<group>";
		};
		02DF7B311CF3FEAF00C9C8F0 /* External */ = {
			isa = PBXGroup;
			children = (
				02DF7B321CF3FEAF00C9C8F0 /* GHUnit */,
				02DF7B341CF3FEAF00C9C8F0 /* Reachability */,
			);
			path = External;
			sourceTree = "<group>";
		};
		02DF7B321CF3FEAF00C9C8F0 /* GHUnit */ = {
			isa = PBXGroup;
			children = (
				02DF7B331CF3FEAF00C9C8F0 /* README-GHUnit */,
			);
			path = GHUnit;
			sourceTree = "<group>";
		};
		02DF7B341CF3FEAF00C9C8F0 /* Reachability */ = {
			isa = PBXGroup;
			children = (
				02DF7B351CF3FEAF00C9C8F0 /* Reachability.h */,
				02DF7B361CF3FEAF00C9C8F0 /* Reachability.m */,
			);
			path = Reachability;
			sourceTree = "<group>";
		};
		02E1ECB31CF6FEE700BD56E8 /* CardView */ = {
			isa = PBXGroup;
			children = (
				02E1ECB51CF6FEF500BD56E8 /* CardView.h */,
				02E1ECB61CF6FEF500BD56E8 /* CardView.m */,
			);
			name = CardView;
			sourceTree = "<group>";
		};
		3AA6C24B1CF9C56800AEE4A9 /* 首页 */ = {
			isa = PBXGroup;
			children = (
				3AA6C24C1CF9C5AD00AEE4A9 /* Controller */,
				3AA6C24E1CF9C5CE00AEE4A9 /* View */,
				3AA6C24D1CF9C5C400AEE4A9 /* Model */,
			);
			name = "首页";
			sourceTree = "<group>";
		};
		3AA6C24C1CF9C5AD00AEE4A9 /* Controller */ = {
			isa = PBXGroup;
			children = (
				026EF4EA1CF2FCCC003A8A95 /* ViewController.h */,
				026EF4EB1CF2FCCC003A8A95 /* ViewController.m */,
			);
			name = Controller;
			sourceTree = "<group>";
		};
		3AA6C24D1CF9C5C400AEE4A9 /* Model */ = {
			isa = PBXGroup;
			children = (
				3ACC92841D02DC67002CFD86 /* CardModel.h */,
				3ACC92851D02DC67002CFD86 /* CardModel.m */,
				02157EBA1D2CD7950080A12D /* CYProjectService.h */,
				02157EBB1D2CD7950080A12D /* CYProjectService.m */,
			);
			name = Model;
			sourceTree = "<group>";
		};
		3AA6C24E1CF9C5CE00AEE4A9 /* View */ = {
			isa = PBXGroup;
			children = (
				02E1ECB31CF6FEE700BD56E8 /* CardView */,
				3AA6C2521CF9D4F300AEE4A9 /* FirstView */,
			);
			name = View;
			sourceTree = "<group>";
		};
		3AA6C2521CF9D4F300AEE4A9 /* FirstView */ = {
			isa = PBXGroup;
			children = (
				3AA6C24F1CF9CA0D00AEE4A9 /* FirstView.h */,
				3AA6C2501CF9CA0D00AEE4A9 /* FirstView.m */,
				0214C56E1D20CCCC00F33FA7 /* FirstView.xib */,
			);
			name = FirstView;
			sourceTree = "<group>";
		};
		3AA6C2541CF9DF5E00AEE4A9 /* 投资人 */ = {
			isa = PBXGroup;
			children = (
				3AA6C2551CF9DF5E00AEE4A9 /* Controller */,
				3AA6C2571CF9DF5E00AEE4A9 /* View */,
				3AA6C2561CF9DF5E00AEE4A9 /* Model */,
			);
			path = "投资人";
			sourceTree = "<group>";
		};
		3AA6C2551CF9DF5E00AEE4A9 /* Controller */ = {
			isa = PBXGroup;
			children = (
				0286AA511D00371500C21703 /* InvestorTableViewController.h */,
				0286AA521D00371500C21703 /* InvestorTableViewController.m */,
			);
			path = Controller;
			sourceTree = "<group>";
		};
		3AA6C2561CF9DF5E00AEE4A9 /* Model */ = {
			isa = PBXGroup;
			children = (
				0288D0D11D0713490057D970 /* InvestorModel.h */,
				0288D0D21D0713490057D970 /* InvestorModel.m */,
			);
			path = Model;
			sourceTree = "<group>";
		};
		3AA6C2571CF9DF5E00AEE4A9 /* View */ = {
			isa = PBXGroup;
			children = (
				0286AA541D00373F00C21703 /* investorTableViewCell.h */,
				0286AA551D00373F00C21703 /* investorTableViewCell.m */,
				0286AA561D00373F00C21703 /* investorTableViewCell.xib */,
			);
			path = View;
			sourceTree = "<group>";
		};
		3AA6C2581CF9DF5E00AEE4A9 /* 我的 */ = {
			isa = PBXGroup;
			children = (
				3AA6C2591CF9DF5E00AEE4A9 /* Controller */,
				3AA6C25B1CF9DF5E00AEE4A9 /* View */,
				3AA6C25A1CF9DF5E00AEE4A9 /* Model */,
			);
			path = "我的";
			sourceTree = "<group>";
		};
		3AA6C2591CF9DF5E00AEE4A9 /* Controller */ = {
			isa = PBXGroup;
			children = (
				021996381D004BBF00923E20 /* MyTableViewController.h */,
				021996391D004BBF00923E20 /* MyTableViewController.m */,
			);
			path = Controller;
			sourceTree = "<group>";
		};
		3AA6C25A1CF9DF5E00AEE4A9 /* Model */ = {
			isa = PBXGroup;
			children = (
			);
			path = Model;
			sourceTree = "<group>";
		};
		3AA6C25B1CF9DF5E00AEE4A9 /* View */ = {
			isa = PBXGroup;
			children = (
			);
			path = View;
			sourceTree = "<group>";
		};
		3AA6C25C1CF9DF5E00AEE4A9 /* 项目 */ = {
			isa = PBXGroup;
			children = (
				3AA6C25D1CF9DF5E00AEE4A9 /* Controller */,
				3AA6C25F1CF9DF5E00AEE4A9 /* View */,
				3AA6C25E1CF9DF5E00AEE4A9 /* Model */,
			);
			path = "项目";
			sourceTree = "<group>";
		};
		3AA6C25D1CF9DF5E00AEE4A9 /* Controller */ = {
			isa = PBXGroup;
			children = (
				3AA6C2601CF9E1AD00AEE4A9 /* ProjcetViewTableViewController.h */,
				3AA6C2611CF9E1AD00AEE4A9 /* ProjcetViewTableViewController.m */,
				0220AE2A1D34C8E9005E1A96 /* DetailProjectTableViewController.h */,
				0220AE2B1D34C8E9005E1A96 /* DetailProjectTableViewController.m */,
			);
			path = Controller;
			sourceTree = "<group>";
		};
		3AA6C25E1CF9DF5E00AEE4A9 /* Model */ = {
			isa = PBXGroup;
			children = (
			);
			path = Model;
			sourceTree = "<group>";
		};
		3AA6C25F1CF9DF5E00AEE4A9 /* View */ = {
			isa = PBXGroup;
			children = (
				3AA6C2631CF9F03D00AEE4A9 /* projectTableViewCell.h */,
				3AA6C2641CF9F03D00AEE4A9 /* projectTableViewCell.m */,
				3AA6C2651CF9F03D00AEE4A9 /* projectTableViewCell.xib */,
				026C49EA1D26665F00214630 /* ProjectDetailsTableViewCell.h */,
				026C49EB1D26665F00214630 /* ProjectDetailsTableViewCell.m */,
				02D4A14D1D38DDEB004543E8 /* ProjectIntroductionTableViewCell.h */,
				02D4A14E1D38DDEB004543E8 /* ProjectIntroductionTableViewCell.m */,
				02D4A1501D38EB96004543E8 /* ProjectTeamTableViewCell.h */,
				02D4A1511D38EB96004543E8 /* ProjectTeamTableViewCell.m */,
			);
			path = View;
			sourceTree = "<group>";
		};
		3ACC937F1D02FAC4002CFD86 /* ProgressView */ = {
			isa = PBXGroup;
			children = (
				3ACC93801D02FAC4002CFD86 /* ProgressView.h */,
				3ACC93811D02FAC4002CFD86 /* ProgressView.m */,
			);
			path = ProgressView;
			sourceTree = "<group>";
		};
/* End PBXGroup section */

/* Begin PBXNativeTarget section */
		026EF4E01CF2FCCC003A8A95 /* chuyingwang */ = {
			isa = PBXNativeTarget;
			buildConfigurationList = 026EF50E1CF2FCCC003A8A95 /* Build configuration list for PBXNativeTarget "chuyingwang" */;
			buildPhases = (
				026EF4DD1CF2FCCC003A8A95 /* Sources */,
				026EF4DE1CF2FCCC003A8A95 /* Frameworks */,
				026EF4DF1CF2FCCC003A8A95 /* Resources */,
			);
			buildRules = (
			);
			dependencies = (
			);
			name = chuyingwang;
			productName = chuyingwang;
			productReference = 026EF4E11CF2FCCC003A8A95 /* chuyingwang.app */;
			productType = "com.apple.product-type.application";
		};
		026EF4F91CF2FCCC003A8A95 /* chuyingwangTests */ = {
			isa = PBXNativeTarget;
			buildConfigurationList = 026EF5111CF2FCCC003A8A95 /* Build configuration list for PBXNativeTarget "chuyingwangTests" */;
			buildPhases = (
				026EF4F61CF2FCCC003A8A95 /* Sources */,
				026EF4F71CF2FCCC003A8A95 /* Frameworks */,
				026EF4F81CF2FCCC003A8A95 /* Resources */,
			);
			buildRules = (
			);
			dependencies = (
				026EF4FC1CF2FCCC003A8A95 /* PBXTargetDependency */,
			);
			name = chuyingwangTests;
			productName = chuyingwangTests;
			productReference = 026EF4FA1CF2FCCC003A8A95 /* chuyingwangTests.xctest */;
			productType = "com.apple.product-type.bundle.unit-test";
		};
		026EF5041CF2FCCC003A8A95 /* chuyingwangUITests */ = {
			isa = PBXNativeTarget;
			buildConfigurationList = 026EF5141CF2FCCC003A8A95 /* Build configuration list for PBXNativeTarget "chuyingwangUITests" */;
			buildPhases = (
				026EF5011CF2FCCC003A8A95 /* Sources */,
				026EF5021CF2FCCC003A8A95 /* Frameworks */,
				026EF5031CF2FCCC003A8A95 /* Resources */,
			);
			buildRules = (
			);
			dependencies = (
				026EF5071CF2FCCC003A8A95 /* PBXTargetDependency */,
			);
			name = chuyingwangUITests;
			productName = chuyingwangUITests;
			productReference = 026EF5051CF2FCCC003A8A95 /* chuyingwangUITests.xctest */;
			productType = "com.apple.product-type.bundle.ui-testing";
		};
/* End PBXNativeTarget section */

/* Begin PBXProject section */
		026EF4D91CF2FCCC003A8A95 /* Project object */ = {
			isa = PBXProject;
			attributes = {
				LastUpgradeCheck = 0730;
				ORGANIZATIONNAME = "白洪坤";
				TargetAttributes = {
					026EF4E01CF2FCCC003A8A95 = {
						CreatedOnToolsVersion = 7.3;
						DevelopmentTeam = 5YQ85Q9UV8;
					};
					026EF4F91CF2FCCC003A8A95 = {
						CreatedOnToolsVersion = 7.3;
						TestTargetID = 026EF4E01CF2FCCC003A8A95;
					};
					026EF5041CF2FCCC003A8A95 = {
						CreatedOnToolsVersion = 7.3;
						TestTargetID = 026EF4E01CF2FCCC003A8A95;
					};
				};
			};
			buildConfigurationList = 026EF4DC1CF2FCCC003A8A95 /* Build configuration list for PBXProject "chuyingwang" */;
			compatibilityVersion = "Xcode 3.2";
			developmentRegion = English;
			hasScannedForEncodings = 0;
			knownRegions = (
				en,
				Base,
			);
			mainGroup = 026EF4D81CF2FCCC003A8A95;
			productRefGroup = 026EF4E21CF2FCCC003A8A95 /* Products */;
			projectDirPath = "";
			projectRoot = "";
			targets = (
				026EF4E01CF2FCCC003A8A95 /* chuyingwang */,
				026EF4F91CF2FCCC003A8A95 /* chuyingwangTests */,
				026EF5041CF2FCCC003A8A95 /* chuyingwangUITests */,
			);
		};
/* End PBXProject section */

/* Begin PBXResourcesBuildPhase section */
		026EF4DF1CF2FCCC003A8A95 /* Resources */ = {
			isa = PBXResourcesBuildPhase;
			buildActionMask = 2147483647;
			files = (
				3AA6C2671CF9F03D00AEE4A9 /* projectTableViewCell.xib in Resources */,
				02BED99A1D2A0FE9001304B5 /* Info.plist in Resources */,
				0214C56F1D20CCCC00F33FA7 /* FirstView.xib in Resources */,
				026C49DC1D260C1000214630 /* MJRefresh.bundle in Resources */,
				026EF4F11CF2FCCC003A8A95 /* Assets.xcassets in Resources */,
				026EF4EF1CF2FCCC003A8A95 /* Main.storyboard in Resources */,
				0286AA581D00373F00C21703 /* investorTableViewCell.xib in Resources */,
				02DF7B4F1CF3FEAF00C9C8F0 /* README-GHUnit in Resources */,
			);
			runOnlyForDeploymentPostprocessing = 0;
		};
		026EF4F81CF2FCCC003A8A95 /* Resources */ = {
			isa = PBXResourcesBuildPhase;
			buildActionMask = 2147483647;
			files = (
			);
			runOnlyForDeploymentPostprocessing = 0;
		};
		026EF5031CF2FCCC003A8A95 /* Resources */ = {
			isa = PBXResourcesBuildPhase;
			buildActionMask = 2147483647;
			files = (
			);
			runOnlyForDeploymentPostprocessing = 0;
		};
/* End PBXResourcesBuildPhase section */

/* Begin PBXSourcesBuildPhase section */
		026EF4DD1CF2FCCC003A8A95 /* Sources */ = {
			isa = PBXSourcesBuildPhase;
			buildActionMask = 2147483647;
			files = (
				02DF7B501CF3FEAF00C9C8F0 /* Reachability.m in Sources */,
				026C49DE1D260C1000214630 /* NSBundle+MJRefresh.m in Sources */,
				02DF7B3A1CF3FEAF00C9C8F0 /* ASIDataCompressor.m in Sources */,
				0286AA571D00373F00C21703 /* investorTableViewCell.m in Sources */,
				026EF4EC1CF2FCCC003A8A95 /* ViewController.m in Sources */,
				026C49D81D260C1000214630 /* MJRefreshBackStateFooter.m in Sources */,
				02D4A1521D38EB96004543E8 /* ProjectTeamTableViewCell.m in Sources */,
				02DF7B4E1CF3FEAF00C9C8F0 /* ASIS3ServiceRequest.m in Sources */,
				026C49DA1D260C1000214630 /* MJRefreshNormalHeader.m in Sources */,
				026C49E01D260C1000214630 /* UIScrollView+MJRefresh.m in Sources */,
				02DF7B3E1CF3FEAF00C9C8F0 /* ASIHTTPRequest.m in Sources */,
				026C49DB1D260C1000214630 /* MJRefreshStateHeader.m in Sources */,
				02157EBC1D2CD7950080A12D /* CYProjectService.m in Sources */,
				0219963A1D004BBF00923E20 /* MyTableViewController.m in Sources */,
				026C49D61D260C1000214630 /* MJRefreshBackGifFooter.m in Sources */,
				026C49D51D260C1000214630 /* MJRefreshAutoStateFooter.m in Sources */,
				0286AA531D00371500C21703 /* InvestorTableViewController.m in Sources */,
				027491871CF55CE200C8E0B0 /* Scheduler.m in Sources */,
				027491851CF55CE200C8E0B0 /* DefaultViewAnimator.m in Sources */,
				02BED9981D2A0FE9001304B5 /* FMDatabaseQueue.m in Sources */,
				02DF7B4C1CF3FEAF00C9C8F0 /* ASIS3ObjectRequest.m in Sources */,
				3AA6C2511CF9CA0D00AEE4A9 /* FirstView.m in Sources */,
				02BED9961D2A0FE9001304B5 /* FMDatabaseAdditions.m in Sources */,
				0220AE2C1D34C8E9005E1A96 /* DetailProjectTableViewController.m in Sources */,
				026C49D01D260C1000214630 /* MJRefreshComponent.m in Sources */,
				02DF7B391CF3FEAF00C9C8F0 /* ASIAuthenticationDialog.m in Sources */,
				02DF7B4D1CF3FEAF00C9C8F0 /* ASIS3Request.m in Sources */,
				0255150B1D33A67800D0CF2C /* HTTPrequest.m in Sources */,
				02DF7B421CF3FEAF00C9C8F0 /* ASICloudFilesCDNRequest.m in Sources */,
				02DF7B3D1CF3FEAF00C9C8F0 /* ASIFormDataRequest.m in Sources */,
				026C49ED1D26665F00214630 /* ProjectDetailsTableViewCell.m in Sources */,
				027491881CF55CE200C8E0B0 /* Utils.m in Sources */,
				026EF4E91CF2FCCC003A8A95 /* AppDelegate.m in Sources */,
				026C49D71D260C1000214630 /* MJRefreshBackNormalFooter.m in Sources */,
				02DF7B4B1CF3FEAF00C9C8F0 /* ASIS3BucketRequest.m in Sources */,
				3ACC92861D02DC67002CFD86 /* CardModel.m in Sources */,
				026C49DF1D260C1000214630 /* UIScrollView+MJExtension.m in Sources */,
				027491831CF55CE200C8E0B0 /* DefaultDirectionInterpretor.m in Sources */,
				026C49E11D260C1000214630 /* UIView+MJExtension.m in Sources */,
				026C49CF1D260C1000214630 /* MJRefreshBackFooter.m in Sources */,
				027491841CF55CE200C8E0B0 /* DefaultShouldSwipeDeterminator.m in Sources */,
				02DF7B451CF3FEAF00C9C8F0 /* ASICloudFilesContainerXMLParserDelegate.m in Sources */,
				02DF7B511CF3FEAF00C9C8F0 /* UIImage+MJ.m in Sources */,
				0288D0D31D0713490057D970 /* InvestorModel.m in Sources */,
				02DF7B441CF3FEAF00C9C8F0 /* ASICloudFilesContainerRequest.m in Sources */,
				02DF7B3F1CF3FEAF00C9C8F0 /* ASIInputStream.m in Sources */,
				0274918C1CF55CE200C8E0B0 /* ZLSwipeableViewSwipeOptions.m in Sources */,
				02D4A14F1D38DDEB004543E8 /* ProjectIntroductionTableViewCell.m in Sources */,
				02BED9971D2A0FE9001304B5 /* FMDatabasePool.m in Sources */,
				027491861CF55CE200C8E0B0 /* PanGestureRecognizer.m in Sources */,
				3AA6C2621CF9E1AD00AEE4A9 /* ProjcetViewTableViewController.m in Sources */,
				02DF7B481CF3FEAF00C9C8F0 /* ASICloudFilesRequest.m in Sources */,
				02DF7B411CF3FEAF00C9C8F0 /* ASIWebPageRequest.m in Sources */,
				0274918B1CF55CE200C8E0B0 /* ZLSwipeableViewMovement.m in Sources */,
				02DF7B431CF3FEAF00C9C8F0 /* ASICloudFilesContainer.m in Sources */,
				02BED9A01D2A4664001304B5 /* DBHelp.m in Sources */,
				02DF7B471CF3FEAF00C9C8F0 /* ASICloudFilesObjectRequest.m in Sources */,
				0255150F1D33A79400D0CF2C /* JSONKit.m in Sources */,
				02BED9991D2A0FE9001304B5 /* FMResultSet.m in Sources */,
				02E1ECB81CF6FEF500BD56E8 /* CardView.m in Sources */,
				027491891CF55CE200C8E0B0 /* ViewManager.m in Sources */,
				0274918A1CF55CE200C8E0B0 /* ZLSwipeableView.m in Sources */,
				026EF4E61CF2FCCC003A8A95 /* main.m in Sources */,
				026C49D41D260C1000214630 /* MJRefreshAutoNormalFooter.m in Sources */,
				026C49D11D260C1000214630 /* MJRefreshFooter.m in Sources */,
				02BED9951D2A0FE9001304B5 /* FMDatabase.m in Sources */,
				02DF7B401CF3FEAF00C9C8F0 /* ASINetworkQueue.m in Sources */,
				026C49DD1D260C1000214630 /* MJRefreshConst.m in Sources */,
				02DF7B4A1CF3FEAF00C9C8F0 /* ASIS3BucketObject.m in Sources */,
				02DF7B3B1CF3FEAF00C9C8F0 /* ASIDataDecompressor.m in Sources */,
				026C49D91D260C1000214630 /* MJRefreshGifHeader.m in Sources */,
				3AA6C2661CF9F03D00AEE4A9 /* projectTableViewCell.m in Sources */,
				02DF7B491CF3FEAF00C9C8F0 /* ASIS3Bucket.m in Sources */,
				026C49D21D260C1000214630 /* MJRefreshHeader.m in Sources */,
				02DF7B461CF3FEAF00C9C8F0 /* ASICloudFilesObject.m in Sources */,
				026C49D31D260C1000214630 /* MJRefreshAutoGifFooter.m in Sources */,
				02DF7B3C1CF3FEAF00C9C8F0 /* ASIDownloadCache.m in Sources */,
				026C49E41D2617FC00214630 /* PublicTool.m in Sources */,
				026C49CE1D260C1000214630 /* MJRefreshAutoFooter.m in Sources */,
				3ACC93821D02FAC4002CFD86 /* ProgressView.m in Sources */,
			);
			runOnlyForDeploymentPostprocessing = 0;
		};
		026EF4F61CF2FCCC003A8A95 /* Sources */ = {
			isa = PBXSourcesBuildPhase;
			buildActionMask = 2147483647;
			files = (
				026EF4FF1CF2FCCC003A8A95 /* chuyingwangTests.m in Sources */,
			);
			runOnlyForDeploymentPostprocessing = 0;
		};
		026EF5011CF2FCCC003A8A95 /* Sources */ = {
			isa = PBXSourcesBuildPhase;
			buildActionMask = 2147483647;
			files = (
				026EF50A1CF2FCCC003A8A95 /* chuyingwangUITests.m in Sources */,
			);
			runOnlyForDeploymentPostprocessing = 0;
		};
/* End PBXSourcesBuildPhase section */

/* Begin PBXTargetDependency section */
		026EF4FC1CF2FCCC003A8A95 /* PBXTargetDependency */ = {
			isa = PBXTargetDependency;
			target = 026EF4E01CF2FCCC003A8A95 /* chuyingwang */;
			targetProxy = 026EF4FB1CF2FCCC003A8A95 /* PBXContainerItemProxy */;
		};
		026EF5071CF2FCCC003A8A95 /* PBXTargetDependency */ = {
			isa = PBXTargetDependency;
			target = 026EF4E01CF2FCCC003A8A95 /* chuyingwang */;
			targetProxy = 026EF5061CF2FCCC003A8A95 /* PBXContainerItemProxy */;
		};
/* End PBXTargetDependency section */

/* Begin PBXVariantGroup section */
		026EF4ED1CF2FCCC003A8A95 /* Main.storyboard */ = {
			isa = PBXVariantGroup;
			children = (
				026EF4EE1CF2FCCC003A8A95 /* Base */,
			);
			name = Main.storyboard;
			sourceTree = "<group>";
		};
/* End PBXVariantGroup section */

/* Begin XCBuildConfiguration section */
		026EF50C1CF2FCCC003A8A95 /* Debug */ = {
			isa = XCBuildConfiguration;
			buildSettings = {
				ALWAYS_SEARCH_USER_PATHS = NO;
				CLANG_ANALYZER_NONNULL = YES;
				CLANG_CXX_LANGUAGE_STANDARD = "gnu++0x";
				CLANG_CXX_LIBRARY = "libc++";
				CLANG_ENABLE_MODULES = YES;
				CLANG_ENABLE_OBJC_ARC = YES;
				CLANG_WARN_BOOL_CONVERSION = YES;
				CLANG_WARN_CONSTANT_CONVERSION = YES;
				CLANG_WARN_DIRECT_OBJC_ISA_USAGE = YES_ERROR;
				CLANG_WARN_EMPTY_BODY = YES;
				CLANG_WARN_ENUM_CONVERSION = YES;
				CLANG_WARN_INT_CONVERSION = YES;
				CLANG_WARN_OBJC_ROOT_CLASS = YES_ERROR;
				CLANG_WARN_UNREACHABLE_CODE = YES;
				CLANG_WARN__DUPLICATE_METHOD_MATCH = YES;
				CODE_SIGN_IDENTITY = "iPhone Distribution: Broadlink Co.,Ltd";
				"CODE_SIGN_IDENTITY[sdk=iphoneos*]" = "iPhone Distribution: Broadlink Co.,Ltd";
				COPY_PHASE_STRIP = NO;
				DEBUG_INFORMATION_FORMAT = dwarf;
				ENABLE_STRICT_OBJC_MSGSEND = YES;
				ENABLE_TESTABILITY = YES;
				GCC_C_LANGUAGE_STANDARD = gnu99;
				GCC_DYNAMIC_NO_PIC = NO;
				GCC_NO_COMMON_BLOCKS = YES;
				GCC_OPTIMIZATION_LEVEL = 0;
				GCC_PREPROCESSOR_DEFINITIONS = (
					"DEBUG=1",
					"$(inherited)",
				);
				GCC_WARN_64_TO_32_BIT_CONVERSION = YES;
				GCC_WARN_ABOUT_RETURN_TYPE = YES_ERROR;
				GCC_WARN_UNDECLARED_SELECTOR = YES;
				GCC_WARN_UNINITIALIZED_AUTOS = YES_AGGRESSIVE;
				GCC_WARN_UNUSED_FUNCTION = YES;
				GCC_WARN_UNUSED_VARIABLE = YES;
				IPHONEOS_DEPLOYMENT_TARGET = 9.3;
				MTL_ENABLE_DEBUG_INFO = YES;
				ONLY_ACTIVE_ARCH = YES;
				PROVISIONING_PROFILE = "86c60867-c394-4ef6-ad2e-18b0a0726e65";
				SDKROOT = iphoneos;
			};
			name = Debug;
		};
		026EF50D1CF2FCCC003A8A95 /* Release */ = {
			isa = XCBuildConfiguration;
			buildSettings = {
				ALWAYS_SEARCH_USER_PATHS = NO;
				CLANG_ANALYZER_NONNULL = YES;
				CLANG_CXX_LANGUAGE_STANDARD = "gnu++0x";
				CLANG_CXX_LIBRARY = "libc++";
				CLANG_ENABLE_MODULES = YES;
				CLANG_ENABLE_OBJC_ARC = YES;
				CLANG_WARN_BOOL_CONVERSION = YES;
				CLANG_WARN_CONSTANT_CONVERSION = YES;
				CLANG_WARN_DIRECT_OBJC_ISA_USAGE = YES_ERROR;
				CLANG_WARN_EMPTY_BODY = YES;
				CLANG_WARN_ENUM_CONVERSION = YES;
				CLANG_WARN_INT_CONVERSION = YES;
				CLANG_WARN_OBJC_ROOT_CLASS = YES_ERROR;
				CLANG_WARN_UNREACHABLE_CODE = YES;
				CLANG_WARN__DUPLICATE_METHOD_MATCH = YES;
				CODE_SIGN_IDENTITY = "iPhone Distribution: Broadlink Co.,Ltd";
				"CODE_SIGN_IDENTITY[sdk=iphoneos*]" = "iPhone Distribution: Broadlink Co.,Ltd";
				COPY_PHASE_STRIP = NO;
				DEBUG_INFORMATION_FORMAT = "dwarf-with-dsym";
				ENABLE_NS_ASSERTIONS = NO;
				ENABLE_STRICT_OBJC_MSGSEND = YES;
				GCC_C_LANGUAGE_STANDARD = gnu99;
				GCC_NO_COMMON_BLOCKS = YES;
				GCC_WARN_64_TO_32_BIT_CONVERSION = YES;
				GCC_WARN_ABOUT_RETURN_TYPE = YES_ERROR;
				GCC_WARN_UNDECLARED_SELECTOR = YES;
				GCC_WARN_UNINITIALIZED_AUTOS = YES_AGGRESSIVE;
				GCC_WARN_UNUSED_FUNCTION = YES;
				GCC_WARN_UNUSED_VARIABLE = YES;
				IPHONEOS_DEPLOYMENT_TARGET = 9.3;
				MTL_ENABLE_DEBUG_INFO = NO;
				PROVISIONING_PROFILE = "86c60867-c394-4ef6-ad2e-18b0a0726e65";
				SDKROOT = iphoneos;
				VALIDATE_PRODUCT = YES;
			};
			name = Release;
		};
		026EF50F1CF2FCCC003A8A95 /* Debug */ = {
			isa = XCBuildConfiguration;
			buildSettings = {
				ASSETCATALOG_COMPILER_APPICON_NAME = AppIcon;
				CODE_SIGN_IDENTITY = "iPhone Distribution: Broadlink Co.,Ltd";
				"CODE_SIGN_IDENTITY[sdk=iphoneos*]" = "iPhone Distribution: Broadlink Co.,Ltd";
				FRAMEWORK_SEARCH_PATHS = "";
				HEADER_SEARCH_PATHS = "${SDK_DIR}/usr/include/libxml2";
				INFOPLIST_FILE = chuyingwang/Info.plist;
				IPHONEOS_DEPLOYMENT_TARGET = 8.4;
				LD_RUNPATH_SEARCH_PATHS = "$(inherited) @executable_path/Frameworks";
				LIBRARY_SEARCH_PATHS = (
					"$(inherited)",
					"$(PROJECT_DIR)/chuyingwang",
				);
				PRODUCT_BUNDLE_IDENTIFIER = cn.com.broadlink.chuyingwang;
				PRODUCT_NAME = "$(TARGET_NAME)";
				PROVISIONING_PROFILE = "86c60867-c394-4ef6-ad2e-18b0a0726e65";
			};
			name = Debug;
		};
		026EF5101CF2FCCC003A8A95 /* Release */ = {
			isa = XCBuildConfiguration;
			buildSettings = {
				ASSETCATALOG_COMPILER_APPICON_NAME = AppIcon;
				CODE_SIGN_IDENTITY = "iPhone Distribution: Broadlink Co.,Ltd";
				"CODE_SIGN_IDENTITY[sdk=iphoneos*]" = "iPhone Distribution: Broadlink Co.,Ltd";
				FRAMEWORK_SEARCH_PATHS = "";
				HEADER_SEARCH_PATHS = "${SDK_DIR}/usr/include/libxml2";
				INFOPLIST_FILE = chuyingwang/Info.plist;
				IPHONEOS_DEPLOYMENT_TARGET = 8.4;
				LD_RUNPATH_SEARCH_PATHS = "$(inherited) @executable_path/Frameworks";
				LIBRARY_SEARCH_PATHS = (
					"$(inherited)",
					"$(PROJECT_DIR)/chuyingwang",
				);
				PRODUCT_BUNDLE_IDENTIFIER = cn.com.broadlink.chuyingwang;
				PRODUCT_NAME = "$(TARGET_NAME)";
				PROVISIONING_PROFILE = "86c60867-c394-4ef6-ad2e-18b0a0726e65";
			};
			name = Release;
		};
		026EF5121CF2FCCC003A8A95 /* Debug */ = {
			isa = XCBuildConfiguration;
			buildSettings = {
				BUNDLE_LOADER = "$(TEST_HOST)";
				INFOPLIST_FILE = chuyingwangTests/Info.plist;
				LD_RUNPATH_SEARCH_PATHS = "$(inherited) @executable_path/Frameworks @loader_path/Frameworks";
				PRODUCT_BUNDLE_IDENTIFIER = cn.com.broadlink.chuyingwangTests;
				PRODUCT_NAME = "$(TARGET_NAME)";
				TEST_HOST = "$(BUILT_PRODUCTS_DIR)/chuyingwang.app/chuyingwang";
			};
			name = Debug;
		};
		026EF5131CF2FCCC003A8A95 /* Release */ = {
			isa = XCBuildConfiguration;
			buildSettings = {
				BUNDLE_LOADER = "$(TEST_HOST)";
				INFOPLIST_FILE = chuyingwangTests/Info.plist;
				LD_RUNPATH_SEARCH_PATHS = "$(inherited) @executable_path/Frameworks @loader_path/Frameworks";
				PRODUCT_BUNDLE_IDENTIFIER = cn.com.broadlink.chuyingwangTests;
				PRODUCT_NAME = "$(TARGET_NAME)";
				TEST_HOST = "$(BUILT_PRODUCTS_DIR)/chuyingwang.app/chuyingwang";
			};
			name = Release;
		};
		026EF5151CF2FCCC003A8A95 /* Debug */ = {
			isa = XCBuildConfiguration;
			buildSettings = {
				INFOPLIST_FILE = chuyingwangUITests/Info.plist;
				LD_RUNPATH_SEARCH_PATHS = "$(inherited) @executable_path/Frameworks @loader_path/Frameworks";
				PRODUCT_BUNDLE_IDENTIFIER = cn.com.broadlink.chuyingwangUITests;
				PRODUCT_NAME = "$(TARGET_NAME)";
				TEST_TARGET_NAME = chuyingwang;
			};
			name = Debug;
		};
		026EF5161CF2FCCC003A8A95 /* Release */ = {
			isa = XCBuildConfiguration;
			buildSettings = {
				INFOPLIST_FILE = chuyingwangUITests/Info.plist;
				LD_RUNPATH_SEARCH_PATHS = "$(inherited) @executable_path/Frameworks @loader_path/Frameworks";
				PRODUCT_BUNDLE_IDENTIFIER = cn.com.broadlink.chuyingwangUITests;
				PRODUCT_NAME = "$(TARGET_NAME)";
				TEST_TARGET_NAME = chuyingwang;
			};
			name = Release;
		};
/* End XCBuildConfiguration section */

/* Begin XCConfigurationList section */
		026EF4DC1CF2FCCC003A8A95 /* Build configuration list for PBXProject "chuyingwang" */ = {
			isa = XCConfigurationList;
			buildConfigurations = (
				026EF50C1CF2FCCC003A8A95 /* Debug */,
				026EF50D1CF2FCCC003A8A95 /* Release */,
			);
			defaultConfigurationIsVisible = 0;
			defaultConfigurationName = Release;
		};
		026EF50E1CF2FCCC003A8A95 /* Build configuration list for PBXNativeTarget "chuyingwang" */ = {
			isa = XCConfigurationList;
			buildConfigurations = (
				026EF50F1CF2FCCC003A8A95 /* Debug */,
				026EF5101CF2FCCC003A8A95 /* Release */,
			);
			defaultConfigurationIsVisible = 0;
			defaultConfigurationName = Release;
		};
		026EF5111CF2FCCC003A8A95 /* Build configuration list for PBXNativeTarget "chuyingwangTests" */ = {
			isa = XCConfigurationList;
			buildConfigurations = (
				026EF5121CF2FCCC003A8A95 /* Debug */,
				026EF5131CF2FCCC003A8A95 /* Release */,
			);
			defaultConfigurationIsVisible = 0;
			defaultConfigurationName = Release;
		};
		026EF5141CF2FCCC003A8A95 /* Build configuration list for PBXNativeTarget "chuyingwangUITests" */ = {
			isa = XCConfigurationList;
			buildConfigurations = (
				026EF5151CF2FCCC003A8A95 /* Debug */,
				026EF5161CF2FCCC003A8A95 /* Release */,
			);
			defaultConfigurationIsVisible = 0;
			defaultConfigurationName = Release;
		};
/* End XCConfigurationList section */
	};
	rootObject = 026EF4D91CF2FCCC003A8A95 /* Project object */;
}
