// !$*UTF8*$!
{
	archiveVersion = 1;
	classes = {
	};
	objectVersion = 46;
	objects = {

/* Begin PBXBuildFile section */
		026EF4E61CF2FCCC003A8A95 /* main.m in Sources */ = {isa = PBXBuildFile; fileRef = 026EF4E51CF2FCCC003A8A95 /* main.m */; };
		026EF4E91CF2FCCC003A8A95 /* AppDelegate.m in Sources */ = {isa = PBXBuildFile; fileRef = 026EF4E81CF2FCCC003A8A95 /* AppDelegate.m */; };
		026EF4EC1CF2FCCC003A8A95 /* ViewController.m in Sources */ = {isa = PBXBuildFile; fileRef = 026EF4EB1CF2FCCC003A8A95 /* ViewController.m */; };
		026EF4EF1CF2FCCC003A8A95 /* Main.storyboard in Resources */ = {isa = PBXBuildFile; fileRef = 026EF4ED1CF2FCCC003A8A95 /* Main.storyboard */; };
		026EF4F11CF2FCCC003A8A95 /* Assets.xcassets in Resources */ = {isa = PBXBuildFile; fileRef = 026EF4F01CF2FCCC003A8A95 /* Assets.xcassets */; };
		026EF4F41CF2FCCC003A8A95 /* LaunchScreen.storyboard in Resources */ = {isa = PBXBuildFile; fileRef = 026EF4F21CF2FCCC003A8A95 /* LaunchScreen.storyboard */; };
		026EF4FF1CF2FCCC003A8A95 /* chuyingwangTests.m in Sources */ = {isa = PBXBuildFile; fileRef = 026EF4FE1CF2FCCC003A8A95 /* chuyingwangTests.m */; };
		026EF50A1CF2FCCC003A8A95 /* chuyingwangUITests.m in Sources */ = {isa = PBXBuildFile; fileRef = 026EF5091CF2FCCC003A8A95 /* chuyingwangUITests.m */; };
		026EF5241CF3022C003A8A95 /* RGCardViewLayout.m in Sources */ = {isa = PBXBuildFile; fileRef = 026EF5221CF3022C003A8A95 /* RGCardViewLayout.m */; };
		026EF5271CF30368003A8A95 /* bhkCollectionViewCell.m in Sources */ = {isa = PBXBuildFile; fileRef = 026EF5261CF30368003A8A95 /* bhkCollectionViewCell.m */; };
/* End PBXBuildFile section */

/* Begin PBXContainerItemProxy section */
		026EF4FB1CF2FCCC003A8A95 /* PBXContainerItemProxy */ = {
			isa = PBXContainerItemProxy;
			containerPortal = 026EF4D91CF2FCCC003A8A95 /* Project object */;
			proxyType = 1;
			remoteGlobalIDString = 026EF4E01CF2FCCC003A8A95;
			remoteInfo = chuyingwang;
		};
		026EF5061CF2FCCC003A8A95 /* PBXContainerItemProxy */ = {
			isa = PBXContainerItemProxy;
			containerPortal = 026EF4D91CF2FCCC003A8A95 /* Project object */;
			proxyType = 1;
			remoteGlobalIDString = 026EF4E01CF2FCCC003A8A95;
			remoteInfo = chuyingwang;
		};
/* End PBXContainerItemProxy section */

/* Begin PBXFileReference section */
		026EF4E11CF2FCCC003A8A95 /* chuyingwang.app */ = {isa = PBXFileReference; explicitFileType = wrapper.application; includeInIndex = 0; path = chuyingwang.app; sourceTree = BUILT_PRODUCTS_DIR; };
		026EF4E51CF2FCCC003A8A95 /* main.m */ = {isa = PBXFileReference; lastKnownFileType = sourcecode.c.objc; path = main.m; sourceTree = "<group>"; };
		026EF4E71CF2FCCC003A8A95 /* AppDelegate.h */ = {isa = PBXFileReference; lastKnownFileType = sourcecode.c.h; path = AppDelegate.h; sourceTree = "<group>"; };
		026EF4E81CF2FCCC003A8A95 /* AppDelegate.m */ = {isa = PBXFileReference; lastKnownFileType = sourcecode.c.objc; path = AppDelegate.m; sourceTree = "<group>"; };
		026EF4EA1CF2FCCC003A8A95 /* ViewController.h */ = {isa = PBXFileReference; lastKnownFileType = sourcecode.c.h; path = ViewController.h; sourceTree = "<group>"; };
		026EF4EB1CF2FCCC003A8A95 /* ViewController.m */ = {isa = PBXFileReference; lastKnownFileType = sourcecode.c.objc; path = ViewController.m; sourceTree = "<group>"; };
		026EF4EE1CF2FCCC003A8A95 /* Base */ = {isa = PBXFileReference; lastKnownFileType = file.storyboard; name = Base; path = Base.lproj/Main.storyboard; sourceTree = "<group>"; };
		026EF4F01CF2FCCC003A8A95 /* Assets.xcassets */ = {isa = PBXFileReference; lastKnownFileType = folder.assetcatalog; path = Assets.xcassets; sourceTree = "<group>"; };
		026EF4F31CF2FCCC003A8A95 /* Base */ = {isa = PBXFileReference; lastKnownFileType = file.storyboard; name = Base; path = Base.lproj/LaunchScreen.storyboard; sourceTree = "<group>"; };
		026EF4F51CF2FCCC003A8A95 /* Info.plist */ = {isa = PBXFileReference; lastKnownFileType = text.plist.xml; path = Info.plist; sourceTree = "<group>"; };
		026EF4FA1CF2FCCC003A8A95 /* chuyingwangTests.xctest */ = {isa = PBXFileReference; explicitFileType = wrapper.cfbundle; includeInIndex = 0; path = chuyingwangTests.xctest; sourceTree = BUILT_PRODUCTS_DIR; };
		026EF4FE1CF2FCCC003A8A95 /* chuyingwangTests.m */ = {isa = PBXFileReference; lastKnownFileType = sourcecode.c.objc; path = chuyingwangTests.m; sourceTree = "<group>"; };
		026EF5001CF2FCCC003A8A95 /* Info.plist */ = {isa = PBXFileReference; lastKnownFileType = text.plist.xml; path = Info.plist; sourceTree = "<group>"; };
		026EF5051CF2FCCC003A8A95 /* chuyingwangUITests.xctest */ = {isa = PBXFileReference; explicitFileType = wrapper.cfbundle; includeInIndex = 0; path = chuyingwangUITests.xctest; sourceTree = BUILT_PRODUCTS_DIR; };
		026EF5091CF2FCCC003A8A95 /* chuyingwangUITests.m */ = {isa = PBXFileReference; lastKnownFileType = sourcecode.c.objc; path = chuyingwangUITests.m; sourceTree = "<group>"; };
		026EF50B1CF2FCCC003A8A95 /* Info.plist */ = {isa = PBXFileReference; lastKnownFileType = text.plist.xml; path = Info.plist; sourceTree = "<group>"; };
		026EF5211CF3022C003A8A95 /* RGCardViewLayout.h */ = {isa = PBXFileReference; fileEncoding = 4; lastKnownFileType = sourcecode.c.h; path = RGCardViewLayout.h; sourceTree = "<group>"; };
		026EF5221CF3022C003A8A95 /* RGCardViewLayout.m */ = {isa = PBXFileReference; fileEncoding = 4; lastKnownFileType = sourcecode.c.objc; path = RGCardViewLayout.m; sourceTree = "<group>"; };
		026EF5251CF30368003A8A95 /* bhkCollectionViewCell.h */ = {isa = PBXFileReference; fileEncoding = 4; lastKnownFileType = sourcecode.c.h; path = bhkCollectionViewCell.h; sourceTree = "<group>"; };
		026EF5261CF30368003A8A95 /* bhkCollectionViewCell.m */ = {isa = PBXFileReference; fileEncoding = 4; lastKnownFileType = sourcecode.c.objc; path = bhkCollectionViewCell.m; sourceTree = "<group>"; };
/* End PBXFileReference section */

/* Begin PBXFrameworksBuildPhase section */
		026EF4DE1CF2FCCC003A8A95 /* Frameworks */ = {
			isa = PBXFrameworksBuildPhase;
			buildActionMask = 2147483647;
			files = (
			);
			runOnlyForDeploymentPostprocessing = 0;
		};
		026EF4F71CF2FCCC003A8A95 /* Frameworks */ = {
			isa = PBXFrameworksBuildPhase;
			buildActionMask = 2147483647;
			files = (
			);
			runOnlyForDeploymentPostprocessing = 0;
		};
		026EF5021CF2FCCC003A8A95 /* Frameworks */ = {
			isa = PBXFrameworksBuildPhase;
			buildActionMask = 2147483647;
			files = (
			);
			runOnlyForDeploymentPostprocessing = 0;
		};
/* End PBXFrameworksBuildPhase section */

/* Begin PBXGroup section */
		026EF4D81CF2FCCC003A8A95 = {
			isa = PBXGroup;
			children = (
				026EF4E31CF2FCCC003A8A95 /* chuyingwang */,
				026EF4FD1CF2FCCC003A8A95 /* chuyingwangTests */,
				026EF5081CF2FCCC003A8A95 /* chuyingwangUITests */,
				026EF4E21CF2FCCC003A8A95 /* Products */,
			);
			sourceTree = "<group>";
		};
		026EF4E21CF2FCCC003A8A95 /* Products */ = {
			isa = PBXGroup;
			children = (
				026EF4E11CF2FCCC003A8A95 /* chuyingwang.app */,
				026EF4FA1CF2FCCC003A8A95 /* chuyingwangTests.xctest */,
				026EF5051CF2FCCC003A8A95 /* chuyingwangUITests.xctest */,
			);
			name = Products;
			sourceTree = "<group>";
		};
		026EF4E31CF2FCCC003A8A95 /* chuyingwang */ = {
			isa = PBXGroup;
			children = (
				026EF4E71CF2FCCC003A8A95 /* AppDelegate.h */,
				026EF4E81CF2FCCC003A8A95 /* AppDelegate.m */,
				026EF4EA1CF2FCCC003A8A95 /* ViewController.h */,
				026EF4EB1CF2FCCC003A8A95 /* ViewController.m */,
				026EF4ED1CF2FCCC003A8A95 /* Main.storyboard */,
				026EF5251CF30368003A8A95 /* bhkCollectionViewCell.h */,
				026EF5261CF30368003A8A95 /* bhkCollectionViewCell.m */,
				026EF4F01CF2FCCC003A8A95 /* Assets.xcassets */,
				026EF4F21CF2FCCC003A8A95 /* LaunchScreen.storyboard */,
				026EF4F51CF2FCCC003A8A95 /* Info.plist */,
				026EF51E1CF3022C003A8A95 /* lib */,
				026EF4E41CF2FCCC003A8A95 /* Supporting Files */,
			);
			path = chuyingwang;
			sourceTree = "<group>";
		};
		026EF4E41CF2FCCC003A8A95 /* Supporting Files */ = {
			isa = PBXGroup;
			children = (
				026EF4E51CF2FCCC003A8A95 /* main.m */,
			);
			name = "Supporting Files";
			sourceTree = "<group>";
		};
		026EF4FD1CF2FCCC003A8A95 /* chuyingwangTests */ = {
			isa = PBXGroup;
			children = (
				026EF4FE1CF2FCCC003A8A95 /* chuyingwangTests.m */,
				026EF5001CF2FCCC003A8A95 /* Info.plist */,
			);
			path = chuyingwangTests;
			sourceTree = "<group>";
		};
		026EF5081CF2FCCC003A8A95 /* chuyingwangUITests */ = {
			isa = PBXGroup;
			children = (
				026EF5091CF2FCCC003A8A95 /* chuyingwangUITests.m */,
				026EF50B1CF2FCCC003A8A95 /* Info.plist */,
			);
			path = chuyingwangUITests;
			sourceTree = "<group>";
		};
		026EF51E1CF3022C003A8A95 /* lib */ = {
			isa = PBXGroup;
			children = (
				026EF51F1CF3022C003A8A95 /* src */,
				026EF5231CF3022C003A8A95 /* tool */,
			);
			path = lib;
			sourceTree = "<group>";
		};
		026EF51F1CF3022C003A8A95 /* src */ = {
			isa = PBXGroup;
			children = (
				026EF5201CF3022C003A8A95 /* RGCardView */,
			);
			path = src;
			sourceTree = "<group>";
		};
		026EF5201CF3022C003A8A95 /* RGCardView */ = {
			isa = PBXGroup;
			children = (
				026EF5211CF3022C003A8A95 /* RGCardViewLayout.h */,
				026EF5221CF3022C003A8A95 /* RGCardViewLayout.m */,
			);
			path = RGCardView;
			sourceTree = "<group>";
		};
		026EF5231CF3022C003A8A95 /* tool */ = {
			isa = PBXGroup;
			children = (
			);
			path = tool;
			sourceTree = "<group>";
		};
/* End PBXGroup section */

/* Begin PBXNativeTarget section */
		026EF4E01CF2FCCC003A8A95 /* chuyingwang */ = {
			isa = PBXNativeTarget;
			buildConfigurationList = 026EF50E1CF2FCCC003A8A95 /* Build configuration list for PBXNativeTarget "chuyingwang" */;
			buildPhases = (
				026EF4DD1CF2FCCC003A8A95 /* Sources */,
				026EF4DE1CF2FCCC003A8A95 /* Frameworks */,
				026EF4DF1CF2FCCC003A8A95 /* Resources */,
			);
			buildRules = (
			);
			dependencies = (
			);
			name = chuyingwang;
			productName = chuyingwang;
			productReference = 026EF4E11CF2FCCC003A8A95 /* chuyingwang.app */;
			productType = "com.apple.product-type.application";
		};
		026EF4F91CF2FCCC003A8A95 /* chuyingwangTests */ = {
			isa = PBXNativeTarget;
			buildConfigurationList = 026EF5111CF2FCCC003A8A95 /* Build configuration list for PBXNativeTarget "chuyingwangTests" */;
			buildPhases = (
				026EF4F61CF2FCCC003A8A95 /* Sources */,
				026EF4F71CF2FCCC003A8A95 /* Frameworks */,
				026EF4F81CF2FCCC003A8A95 /* Resources */,
			);
			buildRules = (
			);
			dependencies = (
				026EF4FC1CF2FCCC003A8A95 /* PBXTargetDependency */,
			);
			name = chuyingwangTests;
			productName = chuyingwangTests;
			productReference = 026EF4FA1CF2FCCC003A8A95 /* chuyingwangTests.xctest */;
			productType = "com.apple.product-type.bundle.unit-test";
		};
		026EF5041CF2FCCC003A8A95 /* chuyingwangUITests */ = {
			isa = PBXNativeTarget;
			buildConfigurationList = 026EF5141CF2FCCC003A8A95 /* Build configuration list for PBXNativeTarget "chuyingwangUITests" */;
			buildPhases = (
				026EF5011CF2FCCC003A8A95 /* Sources */,
				026EF5021CF2FCCC003A8A95 /* Frameworks */,
				026EF5031CF2FCCC003A8A95 /* Resources */,
			);
			buildRules = (
			);
			dependencies = (
				026EF5071CF2FCCC003A8A95 /* PBXTargetDependency */,
			);
			name = chuyingwangUITests;
			productName = chuyingwangUITests;
			productReference = 026EF5051CF2FCCC003A8A95 /* chuyingwangUITests.xctest */;
			productType = "com.apple.product-type.bundle.ui-testing";
		};
/* End PBXNativeTarget section */

/* Begin PBXProject section */
		026EF4D91CF2FCCC003A8A95 /* Project object */ = {
			isa = PBXProject;
			attributes = {
				LastUpgradeCheck = 0730;
				ORGANIZATIONNAME = "白洪坤";
				TargetAttributes = {
					026EF4E01CF2FCCC003A8A95 = {
						CreatedOnToolsVersion = 7.3;
					};
					026EF4F91CF2FCCC003A8A95 = {
						CreatedOnToolsVersion = 7.3;
						TestTargetID = 026EF4E01CF2FCCC003A8A95;
					};
					026EF5041CF2FCCC003A8A95 = {
						CreatedOnToolsVersion = 7.3;
						TestTargetID = 026EF4E01CF2FCCC003A8A95;
					};
				};
			};
			buildConfigurationList = 026EF4DC1CF2FCCC003A8A95 /* Build configuration list for PBXProject "chuyingwang" */;
			compatibilityVersion = "Xcode 3.2";
			developmentRegion = English;
			hasScannedForEncodings = 0;
			knownRegions = (
				en,
				Base,
			);
			mainGroup = 026EF4D81CF2FCCC003A8A95;
			productRefGroup = 026EF4E21CF2FCCC003A8A95 /* Products */;
			projectDirPath = "";
			projectRoot = "";
			targets = (
				026EF4E01CF2FCCC003A8A95 /* chuyingwang */,
				026EF4F91CF2FCCC003A8A95 /* chuyingwangTests */,
				026EF5041CF2FCCC003A8A95 /* chuyingwangUITests */,
			);
		};
/* End PBXProject section */

/* Begin PBXResourcesBuildPhase section */
		026EF4DF1CF2FCCC003A8A95 /* Resources */ = {
			isa = PBXResourcesBuildPhase;
			buildActionMask = 2147483647;
			files = (
				026EF4F41CF2FCCC003A8A95 /* LaunchScreen.storyboard in Resources */,
				026EF4F11CF2FCCC003A8A95 /* Assets.xcassets in Resources */,
				026EF4EF1CF2FCCC003A8A95 /* Main.storyboard in Resources */,
			);
			runOnlyForDeploymentPostprocessing = 0;
		};
		026EF4F81CF2FCCC003A8A95 /* Resources */ = {
			isa = PBXResourcesBuildPhase;
			buildActionMask = 2147483647;
			files = (
			);
			runOnlyForDeploymentPostprocessing = 0;
		};
		026EF5031CF2FCCC003A8A95 /* Resources */ = {
			isa = PBXResourcesBuildPhase;
			buildActionMask = 2147483647;
			files = (
			);
			runOnlyForDeploymentPostprocessing = 0;
		};
/* End PBXResourcesBuildPhase section */

/* Begin PBXSourcesBuildPhase section */
		026EF4DD1CF2FCCC003A8A95 /* Sources */ = {
			isa = PBXSourcesBuildPhase;
			buildActionMask = 2147483647;
			files = (
				026EF4EC1CF2FCCC003A8A95 /* ViewController.m in Sources */,
				026EF5241CF3022C003A8A95 /* RGCardViewLayout.m in Sources */,
				026EF4E91CF2FCCC003A8A95 /* AppDelegate.m in Sources */,
				026EF5271CF30368003A8A95 /* bhkCollectionViewCell.m in Sources */,
				026EF4E61CF2FCCC003A8A95 /* main.m in Sources */,
			);
			runOnlyForDeploymentPostprocessing = 0;
		};
		026EF4F61CF2FCCC003A8A95 /* Sources */ = {
			isa = PBXSourcesBuildPhase;
			buildActionMask = 2147483647;
			files = (
				026EF4FF1CF2FCCC003A8A95 /* chuyingwangTests.m in Sources */,
			);
			runOnlyForDeploymentPostprocessing = 0;
		};
		026EF5011CF2FCCC003A8A95 /* Sources */ = {
			isa = PBXSourcesBuildPhase;
			buildActionMask = 2147483647;
			files = (
				026EF50A1CF2FCCC003A8A95 /* chuyingwangUITests.m in Sources */,
			);
			runOnlyForDeploymentPostprocessing = 0;
		};
/* End PBXSourcesBuildPhase section */

/* Begin PBXTargetDependency section */
		026EF4FC1CF2FCCC003A8A95 /* PBXTargetDependency */ = {
			isa = PBXTargetDependency;
			target = 026EF4E01CF2FCCC003A8A95 /* chuyingwang */;
			targetProxy = 026EF4FB1CF2FCCC003A8A95 /* PBXContainerItemProxy */;
		};
		026EF5071CF2FCCC003A8A95 /* PBXTargetDependency */ = {
			isa = PBXTargetDependency;
			target = 026EF4E01CF2FCCC003A8A95 /* chuyingwang */;
			targetProxy = 026EF5061CF2FCCC003A8A95 /* PBXContainerItemProxy */;
		};
/* End PBXTargetDependency section */

/* Begin PBXVariantGroup section */
		026EF4ED1CF2FCCC003A8A95 /* Main.storyboard */ = {
			isa = PBXVariantGroup;
			children = (
				026EF4EE1CF2FCCC003A8A95 /* Base */,
			);
			name = Main.storyboard;
			sourceTree = "<group>";
		};
		026EF4F21CF2FCCC003A8A95 /* LaunchScreen.storyboard */ = {
			isa = PBXVariantGroup;
			children = (
				026EF4F31CF2FCCC003A8A95 /* Base */,
			);
			name = LaunchScreen.storyboard;
			sourceTree = "<group>";
		};
/* End PBXVariantGroup section */

/* Begin XCBuildConfiguration section */
		026EF50C1CF2FCCC003A8A95 /* Debug */ = {
			isa = XCBuildConfiguration;
			buildSettings = {
				ALWAYS_SEARCH_USER_PATHS = NO;
				CLANG_ANALYZER_NONNULL = YES;
				CLANG_CXX_LANGUAGE_STANDARD = "gnu++0x";
				CLANG_CXX_LIBRARY = "libc++";
				CLANG_ENABLE_MODULES = YES;
				CLANG_ENABLE_OBJC_ARC = YES;
				CLANG_WARN_BOOL_CONVERSION = YES;
				CLANG_WARN_CONSTANT_CONVERSION = YES;
				CLANG_WARN_DIRECT_OBJC_ISA_USAGE = YES_ERROR;
				CLANG_WARN_EMPTY_BODY = YES;
				CLANG_WARN_ENUM_CONVERSION = YES;
				CLANG_WARN_INT_CONVERSION = YES;
				CLANG_WARN_OBJC_ROOT_CLASS = YES_ERROR;
				CLANG_WARN_UNREACHABLE_CODE = YES;
				CLANG_WARN__DUPLICATE_METHOD_MATCH = YES;
				"CODE_SIGN_IDENTITY[sdk=iphoneos*]" = "iPhone Developer";
				COPY_PHASE_STRIP = NO;
				DEBUG_INFORMATION_FORMAT = dwarf;
				ENABLE_STRICT_OBJC_MSGSEND = YES;
				ENABLE_TESTABILITY = YES;
				GCC_C_LANGUAGE_STANDARD = gnu99;
				GCC_DYNAMIC_NO_PIC = NO;
				GCC_NO_COMMON_BLOCKS = YES;
				GCC_OPTIMIZATION_LEVEL = 0;
				GCC_PREPROCESSOR_DEFINITIONS = (
					"DEBUG=1",
					"$(inherited)",
				);
				GCC_WARN_64_TO_32_BIT_CONVERSION = YES;
				GCC_WARN_ABOUT_RETURN_TYPE = YES_ERROR;
				GCC_WARN_UNDECLARED_SELECTOR = YES;
				GCC_WARN_UNINITIALIZED_AUTOS = YES_AGGRESSIVE;
				GCC_WARN_UNUSED_FUNCTION = YES;
				GCC_WARN_UNUSED_VARIABLE = YES;
				IPHONEOS_DEPLOYMENT_TARGET = 9.3;
				MTL_ENABLE_DEBUG_INFO = YES;
				ONLY_ACTIVE_ARCH = YES;
				SDKROOT = iphoneos;
			};
			name = Debug;
		};
		026EF50D1CF2FCCC003A8A95 /* Release */ = {
			isa = XCBuildConfiguration;
			buildSettings = {
				ALWAYS_SEARCH_USER_PATHS = NO;
				CLANG_ANALYZER_NONNULL = YES;
				CLANG_CXX_LANGUAGE_STANDARD = "gnu++0x";
				CLANG_CXX_LIBRARY = "libc++";
				CLANG_ENABLE_MODULES = YES;
				CLANG_ENABLE_OBJC_ARC = YES;
				CLANG_WARN_BOOL_CONVERSION = YES;
				CLANG_WARN_CONSTANT_CONVERSION = YES;
				CLANG_WARN_DIRECT_OBJC_ISA_USAGE = YES_ERROR;
				CLANG_WARN_EMPTY_BODY = YES;
				CLANG_WARN_ENUM_CONVERSION = YES;
				CLANG_WARN_INT_CONVERSION = YES;
				CLANG_WARN_OBJC_ROOT_CLASS = YES_ERROR;
				CLANG_WARN_UNREACHABLE_CODE = YES;
				CLANG_WARN__DUPLICATE_METHOD_MATCH = YES;
				"CODE_SIGN_IDENTITY[sdk=iphoneos*]" = "iPhone Developer";
				COPY_PHASE_STRIP = NO;
				DEBUG_INFORMATION_FORMAT = "dwarf-with-dsym";
				ENABLE_NS_ASSERTIONS = NO;
				ENABLE_STRICT_OBJC_MSGSEND = YES;
				GCC_C_LANGUAGE_STANDARD = gnu99;
				GCC_NO_COMMON_BLOCKS = YES;
				GCC_WARN_64_TO_32_BIT_CONVERSION = YES;
				GCC_WARN_ABOUT_RETURN_TYPE = YES_ERROR;
				GCC_WARN_UNDECLARED_SELECTOR = YES;
				GCC_WARN_UNINITIALIZED_AUTOS = YES_AGGRESSIVE;
				GCC_WARN_UNUSED_FUNCTION = YES;
				GCC_WARN_UNUSED_VARIABLE = YES;
				IPHONEOS_DEPLOYMENT_TARGET = 9.3;
				MTL_ENABLE_DEBUG_INFO = NO;
				SDKROOT = iphoneos;
				VALIDATE_PRODUCT = YES;
			};
			name = Release;
		};
		026EF50F1CF2FCCC003A8A95 /* Debug */ = {
			isa = XCBuildConfiguration;
			buildSettings = {
				ASSETCATALOG_COMPILER_APPICON_NAME = AppIcon;
				INFOPLIST_FILE = chuyingwang/Info.plist;
				IPHONEOS_DEPLOYMENT_TARGET = 8.4;
				LD_RUNPATH_SEARCH_PATHS = "$(inherited) @executable_path/Frameworks";
				PRODUCT_BUNDLE_IDENTIFIER = cn.com.broadlink.chuyingwang;
				PRODUCT_NAME = "$(TARGET_NAME)";
			};
			name = Debug;
		};
		026EF5101CF2FCCC003A8A95 /* Release */ = {
			isa = XCBuildConfiguration;
			buildSettings = {
				ASSETCATALOG_COMPILER_APPICON_NAME = AppIcon;
				INFOPLIST_FILE = chuyingwang/Info.plist;
				IPHONEOS_DEPLOYMENT_TARGET = 8.4;
				LD_RUNPATH_SEARCH_PATHS = "$(inherited) @executable_path/Frameworks";
				PRODUCT_BUNDLE_IDENTIFIER = cn.com.broadlink.chuyingwang;
				PRODUCT_NAME = "$(TARGET_NAME)";
			};
			name = Release;
		};
		026EF5121CF2FCCC003A8A95 /* Debug */ = {
			isa = XCBuildConfiguration;
			buildSettings = {
				BUNDLE_LOADER = "$(TEST_HOST)";
				INFOPLIST_FILE = chuyingwangTests/Info.plist;
				LD_RUNPATH_SEARCH_PATHS = "$(inherited) @executable_path/Frameworks @loader_path/Frameworks";
				PRODUCT_BUNDLE_IDENTIFIER = cn.com.broadlink.chuyingwangTests;
				PRODUCT_NAME = "$(TARGET_NAME)";
				TEST_HOST = "$(BUILT_PRODUCTS_DIR)/chuyingwang.app/chuyingwang";
			};
			name = Debug;
		};
		026EF5131CF2FCCC003A8A95 /* Release */ = {
			isa = XCBuildConfiguration;
			buildSettings = {
				BUNDLE_LOADER = "$(TEST_HOST)";
				INFOPLIST_FILE = chuyingwangTests/Info.plist;
				LD_RUNPATH_SEARCH_PATHS = "$(inherited) @executable_path/Frameworks @loader_path/Frameworks";
				PRODUCT_BUNDLE_IDENTIFIER = cn.com.broadlink.chuyingwangTests;
				PRODUCT_NAME = "$(TARGET_NAME)";
				TEST_HOST = "$(BUILT_PRODUCTS_DIR)/chuyingwang.app/chuyingwang";
			};
			name = Release;
		};
		026EF5151CF2FCCC003A8A95 /* Debug */ = {
			isa = XCBuildConfiguration;
			buildSettings = {
				INFOPLIST_FILE = chuyingwangUITests/Info.plist;
				LD_RUNPATH_SEARCH_PATHS = "$(inherited) @executable_path/Frameworks @loader_path/Frameworks";
				PRODUCT_BUNDLE_IDENTIFIER = cn.com.broadlink.chuyingwangUITests;
				PRODUCT_NAME = "$(TARGET_NAME)";
				TEST_TARGET_NAME = chuyingwang;
			};
			name = Debug;
		};
		026EF5161CF2FCCC003A8A95 /* Release */ = {
			isa = XCBuildConfiguration;
			buildSettings = {
				INFOPLIST_FILE = chuyingwangUITests/Info.plist;
				LD_RUNPATH_SEARCH_PATHS = "$(inherited) @executable_path/Frameworks @loader_path/Frameworks";
				PRODUCT_BUNDLE_IDENTIFIER = cn.com.broadlink.chuyingwangUITests;
				PRODUCT_NAME = "$(TARGET_NAME)";
				TEST_TARGET_NAME = chuyingwang;
			};
			name = Release;
		};
/* End XCBuildConfiguration section */

/* Begin XCConfigurationList section */
		026EF4DC1CF2FCCC003A8A95 /* Build configuration list for PBXProject "chuyingwang" */ = {
			isa = XCConfigurationList;
			buildConfigurations = (
				026EF50C1CF2FCCC003A8A95 /* Debug */,
				026EF50D1CF2FCCC003A8A95 /* Release */,
			);
			defaultConfigurationIsVisible = 0;
			defaultConfigurationName = Release;
		};
		026EF50E1CF2FCCC003A8A95 /* Build configuration list for PBXNativeTarget "chuyingwang" */ = {
			isa = XCConfigurationList;
			buildConfigurations = (
				026EF50F1CF2FCCC003A8A95 /* Debug */,
				026EF5101CF2FCCC003A8A95 /* Release */,
			);
			defaultConfigurationIsVisible = 0;
		};
		026EF5111CF2FCCC003A8A95 /* Build configuration list for PBXNativeTarget "chuyingwangTests" */ = {
			isa = XCConfigurationList;
			buildConfigurations = (
				026EF5121CF2FCCC003A8A95 /* Debug */,
				026EF5131CF2FCCC003A8A95 /* Release */,
			);
			defaultConfigurationIsVisible = 0;
		};
		026EF5141CF2FCCC003A8A95 /* Build configuration list for PBXNativeTarget "chuyingwangUITests" */ = {
			isa = XCConfigurationList;
			buildConfigurations = (
				026EF5151CF2FCCC003A8A95 /* Debug */,
				026EF5161CF2FCCC003A8A95 /* Release */,
			);
			defaultConfigurationIsVisible = 0;
		};
/* End XCConfigurationList section */
	};
	rootObject = 026EF4D91CF2FCCC003A8A95 /* Project object */;
}
